PODS:
  - Adapty (1.16.1)
  - Adjust (4.29.6):
    - Adjust/Core (= 4.29.6)
  - Adjust/Core (4.29.6)
  - AppsFlyerFramework (6.0.8)
  - Branch (0.33.1):
    - Branch/Core (= 0.33.1)
  - Branch/Core (0.33.1)

DEPENDENCIES:
  - Adapty (from `../`)
  - Adjust (~> 4.29.6)
  - AppsFlyerFramework (~> 6.0.5)
  - Branch (~> 0.33.1)

SPEC REPOS:
  trunk:
    - Adjust
    - AppsFlyerFramework
    - Branch

EXTERNAL SOURCES:
  Adapty:
    :path: "../"

SPEC CHECKSUMS:
  Adapty: 58980d056a394eb5d8ae553c298ad0a402945e5e
  Adjust: 94f1c99429fb2a7ebe530294fd66a88d63a54922
  AppsFlyerFramework: 57fb1fc68a5b8103353ce94d6e57861cbc4a55c3
  Branch: 65d05ffb137ef504777cff6bd4fb6f770f17145a

PODFILE CHECKSUM: 22b96e75a823022d65d79b5eb0517a1cffbc589d

COCOAPODS: 1.10.1
