PODS:
  - Adapty (1.7.0):
    - CryptoSwift (= 1.3.2)
  - Adjust (4.21.3):
    - Adjust/Core (= 4.21.3)
  - Adjust/Core (4.21.3)
  - AppsFlyerFramework (6.0.4)
  - Branch (0.35.0)
  - CryptoSwift (1.3.2)

DEPENDENCIES:
  - Adapty (from `../`)
  - Adjust (~> 4.21.1)
  - AppsFlyerFramework
  - Branch

SPEC REPOS:
  trunk:
    - Adjust
    - AppsFlyerFramework
    - Branch
    - CryptoSwift

EXTERNAL SOURCES:
  Adapty:
    :path: "../"

SPEC CHECKSUMS:
  Adapty: 475257f03d8a40fec820234125d83cc35358a3ba
  Adjust: 4e8fe76a28dd413c183ba621df50493dcd10e28b
  AppsFlyerFramework: acc30e47ea49a058f4bb9b43cf00e976fd80d1ed
  Branch: 9a37f707974a128c37829033c49018b79c7e7a2d
  CryptoSwift: 093499be1a94b0cae36e6c26b70870668cb56060

PODFILE CHECKSUM: 0790ec62b9bb76f5fd79a8f44d6f2ab0c9cda3bf

COCOAPODS: 1.9.3
