{
  "object": {
    "pins": [
      {
        "package": "CryptoSwift",
        "repositoryURL": "https://github.com/krzyzanowskim/CryptoSwift.git",
        "state": {
          "branch": null,
          "revision": "af1b58fc569bfde777462349b9f7314b61762be0",
          "version": "1.3.2"
        }
      }
    ]
  },
  "version": 1
}
