// !$*UTF8*$!
{
	archiveVersion = 1;
	classes = {
	};
	objectVersion = 55;
	objects = {

/* Begin PBXBuildFile section */
		DCD369432898362800F07357 /* Adapty_DemoApp.swift in Sources */ = {isa = PBXBuildFile; fileRef = DCD369422898362800F07357 /* Adapty_DemoApp.swift */; };
		DCD369452898362800F07357 /* ContentView.swift in Sources */ = {isa = PBXBuildFile; fileRef = DCD369442898362800F07357 /* ContentView.swift */; };
		DCD369472898362900F07357 /* Assets.xcassets in Resources */ = {isa = PBXBuildFile; fileRef = DCD369462898362900F07357 /* Assets.xcassets */; };
		DCD3694A2898362900F07357 /* Preview Assets.xcassets in Resources */ = {isa = PBXBuildFile; fileRef = DCD369492898362900F07357 /* Preview Assets.xcassets */; };
		DCD3695D2898445B00F07357 /* Color+Palette.swift in Sources */ = {isa = PBXBuildFile; fileRef = DCD3695C2898445B00F07357 /* Color+Palette.swift */; };
		DCD3695F289844C400F07357 /* Image+Gallery.swift in Sources */ = {isa = PBXBuildFile; fileRef = DCD3695E289844C400F07357 /* Image+Gallery.swift */; };
		DCD369622898453E00F07357 /* User.swift in Sources */ = {isa = PBXBuildFile; fileRef = DCD369612898453E00F07357 /* User.swift */; };
		DCD369642898457600F07357 /* PaywallViewModel.swift in Sources */ = {isa = PBXBuildFile; fileRef = DCD369632898457600F07357 /* PaywallViewModel.swift */; };
		DCD36967289845D700F07357 /* StoreKit.framework in Frameworks */ = {isa = PBXBuildFile; fileRef = DCD36966289845D700F07357 /* StoreKit.framework */; };
		DCD3696A2898461700F07357 /* Adapty in Frameworks */ = {isa = PBXBuildFile; productRef = DCD369692898461700F07357 /* Adapty */; };
		DCD3696D2898478500F07357 /* UserService.swift in Sources */ = {isa = PBXBuildFile; fileRef = DCD3696C2898478500F07357 /* UserService.swift */; };
		DCD3696F289847D400F07357 /* PaywallService.swift in Sources */ = {isa = PBXBuildFile; fileRef = DCD3696E289847D400F07357 /* PaywallService.swift */; };
		DCD369722898486000F07357 /* PremiumStuffView.swift in Sources */ = {isa = PBXBuildFile; fileRef = DCD369712898486000F07357 /* PremiumStuffView.swift */; };
		DCD36974289848A800F07357 /* PaywallView.swift in Sources */ = {isa = PBXBuildFile; fileRef = DCD36973289848A800F07357 /* PaywallView.swift */; };
		DCD36976289848BE00F07357 /* View+isHidden.swift in Sources */ = {isa = PBXBuildFile; fileRef = DCD36975289848BE00F07357 /* View+isHidden.swift */; };
		DCD3697828984A2100F07357 /* AppDelegate.swift in Sources */ = {isa = PBXBuildFile; fileRef = DCD3697728984A2100F07357 /* AppDelegate.swift */; };
		DCEB3C5D28AEB21E004C3F8A /* Color+Hex.swift in Sources */ = {isa = PBXBuildFile; fileRef = DCEB3C5C28AEB21D004C3F8A /* Color+Hex.swift */; };
		DCEB3C5F28AEB69E004C3F8A /* PaywallDataDTO.swift in Sources */ = {isa = PBXBuildFile; fileRef = DCEB3C5E28AEB69E004C3F8A /* PaywallDataDTO.swift */; };
/* End PBXBuildFile section */

/* Begin PBXFileReference section */
		DCD3693F2898362800F07357 /* Adapty-Demo.app */ = {isa = PBXFileReference; explicitFileType = wrapper.application; includeInIndex = 0; path = "Adapty-Demo.app"; sourceTree = BUILT_PRODUCTS_DIR; };
		DCD369422898362800F07357 /* Adapty_DemoApp.swift */ = {isa = PBXFileReference; lastKnownFileType = sourcecode.swift; path = Adapty_DemoApp.swift; sourceTree = "<group>"; };
		DCD369442898362800F07357 /* ContentView.swift */ = {isa = PBXFileReference; lastKnownFileType = sourcecode.swift; path = ContentView.swift; sourceTree = "<group>"; };
		DCD369462898362900F07357 /* Assets.xcassets */ = {isa = PBXFileReference; lastKnownFileType = folder.assetcatalog; path = Assets.xcassets; sourceTree = "<group>"; };
		DCD369492898362900F07357 /* Preview Assets.xcassets */ = {isa = PBXFileReference; lastKnownFileType = folder.assetcatalog; path = "Preview Assets.xcassets"; sourceTree = "<group>"; };
		DCD3695A2898402A00F07357 /* Info.plist */ = {isa = PBXFileReference; lastKnownFileType = text.plist; path = Info.plist; sourceTree = "<group>"; };
		DCD3695C2898445B00F07357 /* Color+Palette.swift */ = {isa = PBXFileReference; lastKnownFileType = sourcecode.swift; path = "Color+Palette.swift"; sourceTree = "<group>"; };
		DCD3695E289844C400F07357 /* Image+Gallery.swift */ = {isa = PBXFileReference; lastKnownFileType = sourcecode.swift; path = "Image+Gallery.swift"; sourceTree = "<group>"; };
		DCD369612898453E00F07357 /* User.swift */ = {isa = PBXFileReference; lastKnownFileType = sourcecode.swift; path = User.swift; sourceTree = "<group>"; };
		DCD369632898457600F07357 /* PaywallViewModel.swift */ = {isa = PBXFileReference; lastKnownFileType = sourcecode.swift; path = PaywallViewModel.swift; sourceTree = "<group>"; };
		DCD36966289845D700F07357 /* StoreKit.framework */ = {isa = PBXFileReference; lastKnownFileType = wrapper.framework; name = StoreKit.framework; path = System/Library/Frameworks/StoreKit.framework; sourceTree = SDKROOT; };
		DCD3696C2898478500F07357 /* UserService.swift */ = {isa = PBXFileReference; lastKnownFileType = sourcecode.swift; path = UserService.swift; sourceTree = "<group>"; };
		DCD3696E289847D400F07357 /* PaywallService.swift */ = {isa = PBXFileReference; lastKnownFileType = sourcecode.swift; path = PaywallService.swift; sourceTree = "<group>"; };
		DCD369712898486000F07357 /* PremiumStuffView.swift */ = {isa = PBXFileReference; lastKnownFileType = sourcecode.swift; path = PremiumStuffView.swift; sourceTree = "<group>"; };
		DCD36973289848A800F07357 /* PaywallView.swift */ = {isa = PBXFileReference; lastKnownFileType = sourcecode.swift; path = PaywallView.swift; sourceTree = "<group>"; };
		DCD36975289848BE00F07357 /* View+isHidden.swift */ = {isa = PBXFileReference; lastKnownFileType = sourcecode.swift; path = "View+isHidden.swift"; sourceTree = "<group>"; };
		DCD3697728984A2100F07357 /* AppDelegate.swift */ = {isa = PBXFileReference; lastKnownFileType = sourcecode.swift; path = AppDelegate.swift; sourceTree = "<group>"; };
		DCEB3C5C28AEB21D004C3F8A /* Color+Hex.swift */ = {isa = PBXFileReference; lastKnownFileType = sourcecode.swift; path = "Color+Hex.swift"; sourceTree = "<group>"; };
		DCEB3C5E28AEB69E004C3F8A /* PaywallDataDTO.swift */ = {isa = PBXFileReference; lastKnownFileType = sourcecode.swift; path = PaywallDataDTO.swift; sourceTree = "<group>"; };
/* End PBXFileReference section */

/* Begin PBXFrameworksBuildPhase section */
		DCD3693C2898362800F07357 /* Frameworks */ = {
			isa = PBXFrameworksBuildPhase;
			buildActionMask = 2147483647;
			files = (
				DCD36967289845D700F07357 /* StoreKit.framework in Frameworks */,
				DCD3696A2898461700F07357 /* Adapty in Frameworks */,
			);
			runOnlyForDeploymentPostprocessing = 0;
		};
/* End PBXFrameworksBuildPhase section */

/* Begin PBXGroup section */
		DCD369362898362800F07357 = {
			isa = PBXGroup;
			children = (
				DCD369412898362800F07357 /* Adapty-Demo */,
				DCD369402898362800F07357 /* Products */,
				DCD36965289845D700F07357 /* Frameworks */,
			);
			sourceTree = "<group>";
		};
		DCD369402898362800F07357 /* Products */ = {
			isa = PBXGroup;
			children = (
				DCD3693F2898362800F07357 /* Adapty-Demo.app */,
			);
			name = Products;
			sourceTree = "<group>";
		};
		DCD369412898362800F07357 /* Adapty-Demo */ = {
			isa = PBXGroup;
			children = (
				DCD3695A2898402A00F07357 /* Info.plist */,
				DCD369462898362900F07357 /* Assets.xcassets */,
				DCD369482898362900F07357 /* Preview Content */,
				DCD369602898452F00F07357 /* Model */,
				DCD3696B2898475100F07357 /* Service */,
				DCD369702898483800F07357 /* Scene */,
				DCD3695B2898443B00F07357 /* Utils */,
				DCD369422898362800F07357 /* Adapty_DemoApp.swift */,
				DCD3697728984A2100F07357 /* AppDelegate.swift */,
			);
			path = "Adapty-Demo";
			sourceTree = "<group>";
		};
		DCD369482898362900F07357 /* Preview Content */ = {
			isa = PBXGroup;
			children = (
				DCD369492898362900F07357 /* Preview Assets.xcassets */,
			);
			path = "Preview Content";
			sourceTree = "<group>";
		};
		DCD3695B2898443B00F07357 /* Utils */ = {
			isa = PBXGroup;
			children = (
				DCEB3C5C28AEB21D004C3F8A /* Color+Hex.swift */,
				DCD3695C2898445B00F07357 /* Color+Palette.swift */,
				DCD3695E289844C400F07357 /* Image+Gallery.swift */,
				DCD36975289848BE00F07357 /* View+isHidden.swift */,
			);
			path = Utils;
			sourceTree = "<group>";
		};
		DCD369602898452F00F07357 /* Model */ = {
			isa = PBXGroup;
			children = (
				DCD369612898453E00F07357 /* User.swift */,
				DCD369632898457600F07357 /* PaywallViewModel.swift */,
				DCEB3C5E28AEB69E004C3F8A /* PaywallDataDTO.swift */,
			);
			path = Model;
			sourceTree = "<group>";
		};
		DCD36965289845D700F07357 /* Frameworks */ = {
			isa = PBXGroup;
			children = (
				DCD36966289845D700F07357 /* StoreKit.framework */,
			);
			name = Frameworks;
			sourceTree = "<group>";
		};
		DCD3696B2898475100F07357 /* Service */ = {
			isa = PBXGroup;
			children = (
				DCD3696C2898478500F07357 /* UserService.swift */,
				DCD3696E289847D400F07357 /* PaywallService.swift */,
			);
			path = Service;
			sourceTree = "<group>";
		};
		DCD369702898483800F07357 /* Scene */ = {
			isa = PBXGroup;
			children = (
				DCD369442898362800F07357 /* ContentView.swift */,
				DCD369712898486000F07357 /* PremiumStuffView.swift */,
				DCD36973289848A800F07357 /* PaywallView.swift */,
			);
			path = Scene;
			sourceTree = "<group>";
		};
/* End PBXGroup section */

/* Begin PBXNativeTarget section */
		DCD3693E2898362800F07357 /* Adapty-Demo */ = {
			isa = PBXNativeTarget;
			buildConfigurationList = DCD3694D2898362900F07357 /* Build configuration list for PBXNativeTarget "Adapty-Demo" */;
			buildPhases = (
				DCD3693B2898362800F07357 /* Sources */,
				DCD3693C2898362800F07357 /* Frameworks */,
				DCD3693D2898362800F07357 /* Resources */,
			);
			buildRules = (
			);
			dependencies = (
			);
			name = "Adapty-Demo";
			packageProductDependencies = (
				DCD369692898461700F07357 /* Adapty */,
			);
			productName = "Adapty-Demo";
			productReference = DCD3693F2898362800F07357 /* Adapty-Demo.app */;
			productType = "com.apple.product-type.application";
		};
/* End PBXNativeTarget section */

/* Begin PBXProject section */
		DCD369372898362800F07357 /* Project object */ = {
			isa = PBXProject;
			attributes = {
				BuildIndependentTargetsInParallel = 1;
				LastSwiftUpdateCheck = 1340;
				LastUpgradeCheck = 1340;
				TargetAttributes = {
					DCD3693E2898362800F07357 = {
						CreatedOnToolsVersion = 13.4.1;
					};
				};
			};
			buildConfigurationList = DCD3693A2898362800F07357 /* Build configuration list for PBXProject "Adapty-Demo" */;
			compatibilityVersion = "Xcode 13.0";
			developmentRegion = en;
			hasScannedForEncodings = 0;
			knownRegions = (
				en,
				Base,
			);
			mainGroup = DCD369362898362800F07357;
			packageReferences = (
				DCD369682898461700F07357 /* XCRemoteSwiftPackageReference "AdaptySDK-iOS" */,
			);
			productRefGroup = DCD369402898362800F07357 /* Products */;
			projectDirPath = "";
			projectRoot = "";
			targets = (
				DCD3693E2898362800F07357 /* Adapty-Demo */,
			);
		};
/* End PBXProject section */

/* Begin PBXResourcesBuildPhase section */
		DCD3693D2898362800F07357 /* Resources */ = {
			isa = PBXResourcesBuildPhase;
			buildActionMask = 2147483647;
			files = (
				DCD3694A2898362900F07357 /* Preview Assets.xcassets in Resources */,
				DCD369472898362900F07357 /* Assets.xcassets in Resources */,
			);
			runOnlyForDeploymentPostprocessing = 0;
		};
/* End PBXResourcesBuildPhase section */

/* Begin PBXSourcesBuildPhase section */
		DCD3693B2898362800F07357 /* Sources */ = {
			isa = PBXSourcesBuildPhase;
			buildActionMask = 2147483647;
			files = (
				DCEB3C5D28AEB21E004C3F8A /* Color+Hex.swift in Sources */,
				DCD3697828984A2100F07357 /* AppDelegate.swift in Sources */,
				DCD3696D2898478500F07357 /* UserService.swift in Sources */,
				DCD369722898486000F07357 /* PremiumStuffView.swift in Sources */,
				DCD3695F289844C400F07357 /* Image+Gallery.swift in Sources */,
				DCD36976289848BE00F07357 /* View+isHidden.swift in Sources */,
				DCD3696F289847D400F07357 /* PaywallService.swift in Sources */,
				DCD369452898362800F07357 /* ContentView.swift in Sources */,
				DCD369432898362800F07357 /* Adapty_DemoApp.swift in Sources */,
				DCD369622898453E00F07357 /* User.swift in Sources */,
				DCD36974289848A800F07357 /* PaywallView.swift in Sources */,
				DCD3695D2898445B00F07357 /* Color+Palette.swift in Sources */,
				DCEB3C5F28AEB69E004C3F8A /* PaywallDataDTO.swift in Sources */,
				DCD369642898457600F07357 /* PaywallViewModel.swift in Sources */,
			);
			runOnlyForDeploymentPostprocessing = 0;
		};
/* End PBXSourcesBuildPhase section */

/* Begin XCBuildConfiguration section */
		DCD3694B2898362900F07357 /* Debug */ = {
			isa = XCBuildConfiguration;
			buildSettings = {
				ALWAYS_SEARCH_USER_PATHS = NO;
				CLANG_ANALYZER_NONNULL = YES;
				CLANG_ANALYZER_NUMBER_OBJECT_CONVERSION = YES_AGGRESSIVE;
				CLANG_CXX_LANGUAGE_STANDARD = "gnu++17";
				CLANG_ENABLE_MODULES = YES;
				CLANG_ENABLE_OBJC_ARC = YES;
				CLANG_ENABLE_OBJC_WEAK = YES;
				CLANG_WARN_BLOCK_CAPTURE_AUTORELEASING = YES;
				CLANG_WARN_BOOL_CONVERSION = YES;
				CLANG_WARN_COMMA = YES;
				CLANG_WARN_CONSTANT_CONVERSION = YES;
				CLANG_WARN_DEPRECATED_OBJC_IMPLEMENTATIONS = YES;
				CLANG_WARN_DIRECT_OBJC_ISA_USAGE = YES_ERROR;
				CLANG_WARN_DOCUMENTATION_COMMENTS = YES;
				CLANG_WARN_EMPTY_BODY = YES;
				CLANG_WARN_ENUM_CONVERSION = YES;
				CLANG_WARN_INFINITE_RECURSION = YES;
				CLANG_WARN_INT_CONVERSION = YES;
				CLANG_WARN_NON_LITERAL_NULL_CONVERSION = YES;
				CLANG_WARN_OBJC_IMPLICIT_RETAIN_SELF = YES;
				CLANG_WARN_OBJC_LITERAL_CONVERSION = YES;
				CLANG_WARN_OBJC_ROOT_CLASS = YES_ERROR;
				CLANG_WARN_QUOTED_INCLUDE_IN_FRAMEWORK_HEADER = YES;
				CLANG_WARN_RANGE_LOOP_ANALYSIS = YES;
				CLANG_WARN_STRICT_PROTOTYPES = YES;
				CLANG_WARN_SUSPICIOUS_MOVE = YES;
				CLANG_WARN_UNGUARDED_AVAILABILITY = YES_AGGRESSIVE;
				CLANG_WARN_UNREACHABLE_CODE = YES;
				CLANG_WARN__DUPLICATE_METHOD_MATCH = YES;
				COPY_PHASE_STRIP = NO;
				DEBUG_INFORMATION_FORMAT = dwarf;
				ENABLE_STRICT_OBJC_MSGSEND = YES;
				ENABLE_TESTABILITY = YES;
				GCC_C_LANGUAGE_STANDARD = gnu11;
				GCC_DYNAMIC_NO_PIC = NO;
				GCC_NO_COMMON_BLOCKS = YES;
				GCC_OPTIMIZATION_LEVEL = 0;
				GCC_PREPROCESSOR_DEFINITIONS = (
					"DEBUG=1",
					"$(inherited)",
				);
				GCC_WARN_64_TO_32_BIT_CONVERSION = YES;
				GCC_WARN_ABOUT_RETURN_TYPE = YES_ERROR;
				GCC_WARN_UNDECLARED_SELECTOR = YES;
				GCC_WARN_UNINITIALIZED_AUTOS = YES_AGGRESSIVE;
				GCC_WARN_UNUSED_FUNCTION = YES;
				GCC_WARN_UNUSED_VARIABLE = YES;
				INFOPLIST_KEY_UISupportedInterfaceOrientations = UIInterfaceOrientationPortrait;
				INFOPLIST_KEY_UISupportedInterfaceOrientations_iPad = "";
				INFOPLIST_KEY_UISupportedInterfaceOrientations_iPhone = UIInterfaceOrientationPortrait;
				IPHONEOS_DEPLOYMENT_TARGET = 15.0;
				MTL_ENABLE_DEBUG_INFO = INCLUDE_SOURCE;
				MTL_FAST_MATH = YES;
				ONLY_ACTIVE_ARCH = YES;
				SDKROOT = iphoneos;
				SWIFT_ACTIVE_COMPILATION_CONDITIONS = DEBUG;
				SWIFT_OPTIMIZATION_LEVEL = "-Onone";
			};
			name = Debug;
		};
		DCD3694C2898362900F07357 /* Release */ = {
			isa = XCBuildConfiguration;
			buildSettings = {
				ALWAYS_SEARCH_USER_PATHS = NO;
				CLANG_ANALYZER_NONNULL = YES;
				CLANG_ANALYZER_NUMBER_OBJECT_CONVERSION = YES_AGGRESSIVE;
				CLANG_CXX_LANGUAGE_STANDARD = "gnu++17";
				CLANG_ENABLE_MODULES = YES;
				CLANG_ENABLE_OBJC_ARC = YES;
				CLANG_ENABLE_OBJC_WEAK = YES;
				CLANG_WARN_BLOCK_CAPTURE_AUTORELEASING = YES;
				CLANG_WARN_BOOL_CONVERSION = YES;
				CLANG_WARN_COMMA = YES;
				CLANG_WARN_CONSTANT_CONVERSION = YES;
				CLANG_WARN_DEPRECATED_OBJC_IMPLEMENTATIONS = YES;
				CLANG_WARN_DIRECT_OBJC_ISA_USAGE = YES_ERROR;
				CLANG_WARN_DOCUMENTATION_COMMENTS = YES;
				CLANG_WARN_EMPTY_BODY = YES;
				CLANG_WARN_ENUM_CONVERSION = YES;
				CLANG_WARN_INFINITE_RECURSION = YES;
				CLANG_WARN_INT_CONVERSION = YES;
				CLANG_WARN_NON_LITERAL_NULL_CONVERSION = YES;
				CLANG_WARN_OBJC_IMPLICIT_RETAIN_SELF = YES;
				CLANG_WARN_OBJC_LITERAL_CONVERSION = YES;
				CLANG_WARN_OBJC_ROOT_CLASS = YES_ERROR;
				CLANG_WARN_QUOTED_INCLUDE_IN_FRAMEWORK_HEADER = YES;
				CLANG_WARN_RANGE_LOOP_ANALYSIS = YES;
				CLANG_WARN_STRICT_PROTOTYPES = YES;
				CLANG_WARN_SUSPICIOUS_MOVE = YES;
				CLANG_WARN_UNGUARDED_AVAILABILITY = YES_AGGRESSIVE;
				CLANG_WARN_UNREACHABLE_CODE = YES;
				CLANG_WARN__DUPLICATE_METHOD_MATCH = YES;
				COPY_PHASE_STRIP = NO;
				DEBUG_INFORMATION_FORMAT = "dwarf-with-dsym";
				ENABLE_NS_ASSERTIONS = NO;
				ENABLE_STRICT_OBJC_MSGSEND = YES;
				GCC_C_LANGUAGE_STANDARD = gnu11;
				GCC_NO_COMMON_BLOCKS = YES;
				GCC_WARN_64_TO_32_BIT_CONVERSION = YES;
				GCC_WARN_ABOUT_RETURN_TYPE = YES_ERROR;
				GCC_WARN_UNDECLARED_SELECTOR = YES;
				GCC_WARN_UNINITIALIZED_AUTOS = YES_AGGRESSIVE;
				GCC_WARN_UNUSED_FUNCTION = YES;
				GCC_WARN_UNUSED_VARIABLE = YES;
				INFOPLIST_KEY_UISupportedInterfaceOrientations = UIInterfaceOrientationPortrait;
				INFOPLIST_KEY_UISupportedInterfaceOrientations_iPad = "";
				INFOPLIST_KEY_UISupportedInterfaceOrientations_iPhone = UIInterfaceOrientationPortrait;
				IPHONEOS_DEPLOYMENT_TARGET = 15.0;
				MTL_ENABLE_DEBUG_INFO = NO;
				MTL_FAST_MATH = YES;
				SDKROOT = iphoneos;
				SWIFT_COMPILATION_MODE = wholemodule;
				SWIFT_OPTIMIZATION_LEVEL = "-O";
				VALIDATE_PRODUCT = YES;
			};
			name = Release;
		};
		DCD3694E2898362900F07357 /* Debug */ = {
			isa = XCBuildConfiguration;
			buildSettings = {
				ASSETCATALOG_COMPILER_APPICON_NAME = AppIcon;
				ASSETCATALOG_COMPILER_GLOBAL_ACCENT_COLOR_NAME = AccentColor;
				CODE_SIGN_STYLE = Automatic;
				CURRENT_PROJECT_VERSION = 1;
				DEVELOPMENT_ASSET_PATHS = "\"Adapty-Demo/Preview Content\"";
				ENABLE_PREVIEWS = YES;
				GENERATE_INFOPLIST_FILE = YES;
				INFOPLIST_FILE = "Adapty-Demo/Info.plist";
				INFOPLIST_KEY_UIApplicationSceneManifest_Generation = YES;
				INFOPLIST_KEY_UIApplicationSupportsIndirectInputEvents = YES;
				INFOPLIST_KEY_UISupportedInterfaceOrientations_iPad = "UIInterfaceOrientationPortrait UIInterfaceOrientationPortraitUpsideDown";
				INFOPLIST_KEY_UISupportedInterfaceOrientations_iPhone = UIInterfaceOrientationPortrait;
				LD_RUNPATH_SEARCH_PATHS = (
					"$(inherited)",
					"@executable_path/Frameworks",
				);
				MARKETING_VERSION = 1.0;
				PRODUCT_BUNDLE_IDENTIFIER = "com.adapty.demo.Adapty-Demo";
				PRODUCT_NAME = "$(TARGET_NAME)";
				SWIFT_EMIT_LOC_STRINGS = YES;
				SWIFT_VERSION = 5.0;
				TARGETED_DEVICE_FAMILY = "1,2";
			};
			name = Debug;
		};
		DCD3694F2898362900F07357 /* Release */ = {
			isa = XCBuildConfiguration;
			buildSettings = {
				ASSETCATALOG_COMPILER_APPICON_NAME = AppIcon;
				ASSETCATALOG_COMPILER_GLOBAL_ACCENT_COLOR_NAME = AccentColor;
				CODE_SIGN_STYLE = Automatic;
				CURRENT_PROJECT_VERSION = 1;
				DEVELOPMENT_ASSET_PATHS = "\"Adapty-Demo/Preview Content\"";
				ENABLE_PREVIEWS = YES;
				GENERATE_INFOPLIST_FILE = YES;
				INFOPLIST_FILE = "Adapty-Demo/Info.plist";
				INFOPLIST_KEY_UIApplicationSceneManifest_Generation = YES;
				INFOPLIST_KEY_UIApplicationSupportsIndirectInputEvents = YES;
				INFOPLIST_KEY_UISupportedInterfaceOrientations_iPad = "UIInterfaceOrientationPortrait UIInterfaceOrientationPortraitUpsideDown";
				INFOPLIST_KEY_UISupportedInterfaceOrientations_iPhone = UIInterfaceOrientationPortrait;
				LD_RUNPATH_SEARCH_PATHS = (
					"$(inherited)",
					"@executable_path/Frameworks",
				);
				MARKETING_VERSION = 1.0;
				PRODUCT_BUNDLE_IDENTIFIER = "com.adapty.demo.Adapty-Demo";
				PRODUCT_NAME = "$(TARGET_NAME)";
				SWIFT_EMIT_LOC_STRINGS = YES;
				SWIFT_VERSION = 5.0;
				TARGETED_DEVICE_FAMILY = "1,2";
			};
			name = Release;
		};
/* End XCBuildConfiguration section */

/* Begin XCConfigurationList section */
		DCD3693A2898362800F07357 /* Build configuration list for PBXProject "Adapty-Demo" */ = {
			isa = XCConfigurationList;
			buildConfigurations = (
				DCD3694B2898362900F07357 /* Debug */,
				DCD3694C2898362900F07357 /* Release */,
			);
			defaultConfigurationIsVisible = 0;
			defaultConfigurationName = Release;
		};
		DCD3694D2898362900F07357 /* Build configuration list for PBXNativeTarget "Adapty-Demo" */ = {
			isa = XCConfigurationList;
			buildConfigurations = (
				DCD3694E2898362900F07357 /* Debug */,
				DCD3694F2898362900F07357 /* Release */,
			);
			defaultConfigurationIsVisible = 0;
			defaultConfigurationName = Release;
		};
/* End XCConfigurationList section */

/* Begin XCRemoteSwiftPackageReference section */
		DCD369682898461700F07357 /* XCRemoteSwiftPackageReference "AdaptySDK-iOS" */ = {
			isa = XCRemoteSwiftPackageReference;
			repositoryURL = "https://github.com/adaptyteam/AdaptySDK-iOS";
			requirement = {
				kind = exactVersion;
				version = 2.2.1;
			};
		};
/* End XCRemoteSwiftPackageReference section */

/* Begin XCSwiftPackageProductDependency section */
		DCD369692898461700F07357 /* Adapty */ = {
			isa = XCSwiftPackageProductDependency;
			package = DCD369682898461700F07357 /* XCRemoteSwiftPackageReference "AdaptySDK-iOS" */;
			productName = Adapty;
		};
/* End XCSwiftPackageProductDependency section */
	};
	rootObject = DCD369372898362800F07357 /* Project object */;
}
