// !$*UTF8*$!
{
	archiveVersion = 1;
	classes = {
	};
	objectVersion = 56;
	objects = {

/* Begin PBXBuildFile section */
		7448E5462B73BF790086069C /* SwiftUIViewController.swift in Sources */ = {isa = PBXBuildFile; fileRef = 7448E5452B73BF790086069C /* SwiftUIViewController.swift */; };
		7455E4DA29881CB400F97FEF /* AppDelegate.swift in Sources */ = {isa = PBXBuildFile; fileRef = 7455E4D929881CB400F97FEF /* AppDelegate.swift */; };
		7455E4DC29881CB400F97FEF /* SceneDelegate.swift in Sources */ = {isa = PBXBuildFile; fileRef = 7455E4DB29881CB400F97FEF /* SceneDelegate.swift */; };
		7455E4DE29881CB400F97FEF /* UIKitViewController.swift in Sources */ = {isa = PBXBuildFile; fileRef = 7455E4DD29881CB400F97FEF /* UIKitViewController.swift */; };
		7455E4E129881CB400F97FEF /* Main.storyboard in Resources */ = {isa = PBXBuildFile; fileRef = 7455E4DF29881CB400F97FEF /* Main.storyboard */; };
		7455E4E329881CB400F97FEF /* Assets.xcassets in Resources */ = {isa = PBXBuildFile; fileRef = 7455E4E229881CB400F97FEF /* Assets.xcassets */; };
		7455E4E629881CB400F97FEF /* LaunchScreen.storyboard in Resources */ = {isa = PBXBuildFile; fileRef = 7455E4E429881CB400F97FEF /* LaunchScreen.storyboard */; };
		7455E4F129881CFD00F97FEF /* AdaptyUI in Frameworks */ = {isa = PBXBuildFile; productRef = 7455E4F029881CFD00F97FEF /* AdaptyUI */; };
		747602032B18B1A900801629 /* UIViewController+SwiftUI.swift in Sources */ = {isa = PBXBuildFile; fileRef = 747602022B18B1A900801629 /* UIViewController+SwiftUI.swift */; };
		747602072B18B1D900801629 /* MainView.swift in Sources */ = {isa = PBXBuildFile; fileRef = 747602062B18B1D900801629 /* MainView.swift */; };
		747602092B18B33A00801629 /* MainViewModel.swift in Sources */ = {isa = PBXBuildFile; fileRef = 747602082B18B33A00801629 /* MainViewModel.swift */; };
/* End PBXBuildFile section */

/* Begin PBXFileReference section */
		74118CE92AC573B600C6B129 /* ar */ = {isa = PBXFileReference; lastKnownFileType = text.plist.strings; name = ar; path = ar.lproj/Main.strings; sourceTree = "<group>"; };
		74118CEA2AC573B600C6B129 /* ar */ = {isa = PBXFileReference; lastKnownFileType = text.plist.strings; name = ar; path = ar.lproj/LaunchScreen.strings; sourceTree = "<group>"; };
		7436147C2ACC2A9B00D3EFF6 /* en-GB */ = {isa = PBXFileReference; lastKnownFileType = text.plist.strings; name = "en-GB"; path = "en-GB.lproj/Main.strings"; sourceTree = "<group>"; };
		7436147D2ACC2A9B00D3EFF6 /* en-GB */ = {isa = PBXFileReference; lastKnownFileType = text.plist.strings; name = "en-GB"; path = "en-GB.lproj/LaunchScreen.strings"; sourceTree = "<group>"; };
		7448E5452B73BF790086069C /* SwiftUIViewController.swift */ = {isa = PBXFileReference; lastKnownFileType = sourcecode.swift; path = SwiftUIViewController.swift; sourceTree = "<group>"; };
		7455E4D629881CB400F97FEF /* AdaptyUIDemo.app */ = {isa = PBXFileReference; explicitFileType = wrapper.application; includeInIndex = 0; path = AdaptyUIDemo.app; sourceTree = BUILT_PRODUCTS_DIR; };
		7455E4D929881CB400F97FEF /* AppDelegate.swift */ = {isa = PBXFileReference; lastKnownFileType = sourcecode.swift; path = AppDelegate.swift; sourceTree = "<group>"; };
		7455E4DB29881CB400F97FEF /* SceneDelegate.swift */ = {isa = PBXFileReference; lastKnownFileType = sourcecode.swift; path = SceneDelegate.swift; sourceTree = "<group>"; };
		7455E4DD29881CB400F97FEF /* UIKitViewController.swift */ = {isa = PBXFileReference; lastKnownFileType = sourcecode.swift; path = UIKitViewController.swift; sourceTree = "<group>"; };
		7455E4E029881CB400F97FEF /* Base */ = {isa = PBXFileReference; lastKnownFileType = file.storyboard; name = Base; path = Base.lproj/Main.storyboard; sourceTree = "<group>"; };
		7455E4E229881CB400F97FEF /* Assets.xcassets */ = {isa = PBXFileReference; lastKnownFileType = folder.assetcatalog; path = Assets.xcassets; sourceTree = "<group>"; };
		7455E4E529881CB400F97FEF /* Base */ = {isa = PBXFileReference; lastKnownFileType = file.storyboard; name = Base; path = Base.lproj/LaunchScreen.storyboard; sourceTree = "<group>"; };
		7455E4E729881CB400F97FEF /* Info.plist */ = {isa = PBXFileReference; lastKnownFileType = text.plist.xml; path = Info.plist; sourceTree = "<group>"; };
		7455E4EE29881CE800F97FEF /* adapty-ios-ui */ = {isa = PBXFileReference; lastKnownFileType = wrapper; name = "adapty-ios-ui"; path = ..; sourceTree = "<group>"; };
		747602022B18B1A900801629 /* UIViewController+SwiftUI.swift */ = {isa = PBXFileReference; lastKnownFileType = sourcecode.swift; path = "UIViewController+SwiftUI.swift"; sourceTree = "<group>"; };
		747602062B18B1D900801629 /* MainView.swift */ = {isa = PBXFileReference; lastKnownFileType = sourcecode.swift; path = MainView.swift; sourceTree = "<group>"; };
		747602082B18B33A00801629 /* MainViewModel.swift */ = {isa = PBXFileReference; lastKnownFileType = sourcecode.swift; path = MainViewModel.swift; sourceTree = "<group>"; };
/* End PBXFileReference section */

/* Begin PBXFrameworksBuildPhase section */
		7455E4D329881CB400F97FEF /* Frameworks */ = {
			isa = PBXFrameworksBuildPhase;
			buildActionMask = 2147483647;
			files = (
				7455E4F129881CFD00F97FEF /* AdaptyUI in Frameworks */,
			);
			runOnlyForDeploymentPostprocessing = 0;
		};
/* End PBXFrameworksBuildPhase section */

/* Begin PBXGroup section */
		7448E5442B73BF450086069C /* UIKit Example */ = {
			isa = PBXGroup;
			children = (
				7455E4DD29881CB400F97FEF /* UIKitViewController.swift */,
			);
			path = "UIKit Example";
			sourceTree = "<group>";
		};
		7455E4CD29881CB400F97FEF = {
			isa = PBXGroup;
			children = (
				7455E4ED29881CE800F97FEF /* Packages */,
				7455E4D829881CB400F97FEF /* AdaptyUIDemo */,
				7455E4D729881CB400F97FEF /* Products */,
				7455E4EF29881CFD00F97FEF /* Frameworks */,
			);
			sourceTree = "<group>";
		};
		7455E4D729881CB400F97FEF /* Products */ = {
			isa = PBXGroup;
			children = (
				7455E4D629881CB400F97FEF /* AdaptyUIDemo.app */,
			);
			name = Products;
			sourceTree = "<group>";
		};
		7455E4D829881CB400F97FEF /* AdaptyUIDemo */ = {
			isa = PBXGroup;
			children = (
				7455E4D929881CB400F97FEF /* AppDelegate.swift */,
				7455E4DB29881CB400F97FEF /* SceneDelegate.swift */,
				7448E5442B73BF450086069C /* UIKit Example */,
				747602012B18B19900801629 /* SwiftUI Example */,
				7455E4DF29881CB400F97FEF /* Main.storyboard */,
				7455E4E229881CB400F97FEF /* Assets.xcassets */,
				7455E4E429881CB400F97FEF /* LaunchScreen.storyboard */,
				7455E4E729881CB400F97FEF /* Info.plist */,
			);
			path = AdaptyUIDemo;
			sourceTree = "<group>";
		};
		7455E4ED29881CE800F97FEF /* Packages */ = {
			isa = PBXGroup;
			children = (
				7455E4EE29881CE800F97FEF /* adapty-ios-ui */,
			);
			name = Packages;
			sourceTree = "<group>";
		};
		7455E4EF29881CFD00F97FEF /* Frameworks */ = {
			isa = PBXGroup;
			children = (
			);
			name = Frameworks;
			sourceTree = "<group>";
		};
		747602012B18B19900801629 /* SwiftUI Example */ = {
			isa = PBXGroup;
			children = (
				7448E5452B73BF790086069C /* SwiftUIViewController.swift */,
				747602022B18B1A900801629 /* UIViewController+SwiftUI.swift */,
				747602082B18B33A00801629 /* MainViewModel.swift */,
				747602062B18B1D900801629 /* MainView.swift */,
			);
			path = "SwiftUI Example";
			sourceTree = "<group>";
		};
/* End PBXGroup section */

/* Begin PBXNativeTarget section */
		7455E4D529881CB400F97FEF /* AdaptyUIDemo */ = {
			isa = PBXNativeTarget;
			buildConfigurationList = 7455E4EA29881CB400F97FEF /* Build configuration list for PBXNativeTarget "AdaptyUIDemo" */;
			buildPhases = (
				7455E4D229881CB400F97FEF /* Sources */,
				7455E4D329881CB400F97FEF /* Frameworks */,
				7455E4D429881CB400F97FEF /* Resources */,
			);
			buildRules = (
			);
			dependencies = (
			);
			name = AdaptyUIDemo;
			packageProductDependencies = (
				7455E4F029881CFD00F97FEF /* AdaptyUI */,
			);
			productName = AdaptyUIDemo;
			productReference = 7455E4D629881CB400F97FEF /* AdaptyUIDemo.app */;
			productType = "com.apple.product-type.application";
		};
/* End PBXNativeTarget section */

/* Begin PBXProject section */
		7455E4CE29881CB400F97FEF /* Project object */ = {
			isa = PBXProject;
			attributes = {
				BuildIndependentTargetsInParallel = 1;
				LastSwiftUpdateCheck = 1420;
				LastUpgradeCheck = 1420;
				TargetAttributes = {
					7455E4D529881CB400F97FEF = {
						CreatedOnToolsVersion = 14.2;
					};
				};
			};
			buildConfigurationList = 7455E4D129881CB400F97FEF /* Build configuration list for PBXProject "AdaptyUIDemo" */;
			compatibilityVersion = "Xcode 14.0";
			developmentRegion = en;
			hasScannedForEncodings = 0;
			knownRegions = (
				en,
				Base,
				ar,
				"en-GB",
			);
			mainGroup = 7455E4CD29881CB400F97FEF;
			productRefGroup = 7455E4D729881CB400F97FEF /* Products */;
			projectDirPath = "";
			projectRoot = "";
			targets = (
				7455E4D529881CB400F97FEF /* AdaptyUIDemo */,
			);
		};
/* End PBXProject section */

/* Begin PBXResourcesBuildPhase section */
		7455E4D429881CB400F97FEF /* Resources */ = {
			isa = PBXResourcesBuildPhase;
			buildActionMask = 2147483647;
			files = (
				7455E4E629881CB400F97FEF /* LaunchScreen.storyboard in Resources */,
				7455E4E329881CB400F97FEF /* Assets.xcassets in Resources */,
				7455E4E129881CB400F97FEF /* Main.storyboard in Resources */,
			);
			runOnlyForDeploymentPostprocessing = 0;
		};
/* End PBXResourcesBuildPhase section */

/* Begin PBXSourcesBuildPhase section */
		7455E4D229881CB400F97FEF /* Sources */ = {
			isa = PBXSourcesBuildPhase;
			buildActionMask = 2147483647;
			files = (
				747602032B18B1A900801629 /* UIViewController+SwiftUI.swift in Sources */,
				7448E5462B73BF790086069C /* SwiftUIViewController.swift in Sources */,
				7455E4DE29881CB400F97FEF /* UIKitViewController.swift in Sources */,
				7455E4DA29881CB400F97FEF /* AppDelegate.swift in Sources */,
				747602072B18B1D900801629 /* MainView.swift in Sources */,
				7455E4DC29881CB400F97FEF /* SceneDelegate.swift in Sources */,
				747602092B18B33A00801629 /* MainViewModel.swift in Sources */,
			);
			runOnlyForDeploymentPostprocessing = 0;
		};
/* End PBXSourcesBuildPhase section */

/* Begin PBXVariantGroup section */
		7455E4DF29881CB400F97FEF /* Main.storyboard */ = {
			isa = PBXVariantGroup;
			children = (
				7455E4E029881CB400F97FEF /* Base */,
				74118CE92AC573B600C6B129 /* ar */,
				7436147C2ACC2A9B00D3EFF6 /* en-GB */,
			);
			name = Main.storyboard;
			sourceTree = "<group>";
		};
		7455E4E429881CB400F97FEF /* LaunchScreen.storyboard */ = {
			isa = PBXVariantGroup;
			children = (
				7455E4E529881CB400F97FEF /* Base */,
				74118CEA2AC573B600C6B129 /* ar */,
				7436147D2ACC2A9B00D3EFF6 /* en-GB */,
			);
			name = LaunchScreen.storyboard;
			sourceTree = "<group>";
		};
/* End PBXVariantGroup section */

/* Begin XCBuildConfiguration section */
		7455E4E829881CB400F97FEF /* Debug */ = {
			isa = XCBuildConfiguration;
			buildSettings = {
				ALWAYS_SEARCH_USER_PATHS = NO;
				CLANG_ANALYZER_LOCALIZABILITY_NONLOCALIZED = YES;
				CLANG_ANALYZER_NONNULL = YES;
				CLANG_ANALYZER_NUMBER_OBJECT_CONVERSION = YES_AGGRESSIVE;
				CLANG_CXX_LANGUAGE_STANDARD = "gnu++20";
				CLANG_ENABLE_MODULES = YES;
				CLANG_ENABLE_OBJC_ARC = YES;
				CLANG_ENABLE_OBJC_WEAK = YES;
				CLANG_WARN_BLOCK_CAPTURE_AUTORELEASING = YES;
				CLANG_WARN_BOOL_CONVERSION = YES;
				CLANG_WARN_COMMA = YES;
				CLANG_WARN_CONSTANT_CONVERSION = YES;
				CLANG_WARN_DEPRECATED_OBJC_IMPLEMENTATIONS = YES;
				CLANG_WARN_DIRECT_OBJC_ISA_USAGE = YES_ERROR;
				CLANG_WARN_DOCUMENTATION_COMMENTS = YES;
				CLANG_WARN_EMPTY_BODY = YES;
				CLANG_WARN_ENUM_CONVERSION = YES;
				CLANG_WARN_INFINITE_RECURSION = YES;
				CLANG_WARN_INT_CONVERSION = YES;
				CLANG_WARN_NON_LITERAL_NULL_CONVERSION = YES;
				CLANG_WARN_OBJC_IMPLICIT_RETAIN_SELF = YES;
				CLANG_WARN_OBJC_LITERAL_CONVERSION = YES;
				CLANG_WARN_OBJC_ROOT_CLASS = YES_ERROR;
				CLANG_WARN_QUOTED_INCLUDE_IN_FRAMEWORK_HEADER = YES;
				CLANG_WARN_RANGE_LOOP_ANALYSIS = YES;
				CLANG_WARN_STRICT_PROTOTYPES = YES;
				CLANG_WARN_SUSPICIOUS_MOVE = YES;
				CLANG_WARN_UNGUARDED_AVAILABILITY = YES_AGGRESSIVE;
				CLANG_WARN_UNREACHABLE_CODE = YES;
				CLANG_WARN__DUPLICATE_METHOD_MATCH = YES;
				COPY_PHASE_STRIP = NO;
				DEBUG_INFORMATION_FORMAT = dwarf;
				ENABLE_STRICT_OBJC_MSGSEND = YES;
				ENABLE_TESTABILITY = YES;
				GCC_C_LANGUAGE_STANDARD = gnu11;
				GCC_DYNAMIC_NO_PIC = NO;
				GCC_NO_COMMON_BLOCKS = YES;
				GCC_OPTIMIZATION_LEVEL = 0;
				GCC_PREPROCESSOR_DEFINITIONS = (
					"DEBUG=1",
					"$(inherited)",
				);
				GCC_WARN_64_TO_32_BIT_CONVERSION = YES;
				GCC_WARN_ABOUT_RETURN_TYPE = YES_ERROR;
				GCC_WARN_UNDECLARED_SELECTOR = YES;
				GCC_WARN_UNINITIALIZED_AUTOS = YES_AGGRESSIVE;
				GCC_WARN_UNUSED_FUNCTION = YES;
				GCC_WARN_UNUSED_VARIABLE = YES;
				IPHONEOS_DEPLOYMENT_TARGET = 16.2;
				MTL_ENABLE_DEBUG_INFO = INCLUDE_SOURCE;
				MTL_FAST_MATH = YES;
				ONLY_ACTIVE_ARCH = YES;
				SDKROOT = iphoneos;
				SWIFT_ACTIVE_COMPILATION_CONDITIONS = DEBUG;
				SWIFT_OPTIMIZATION_LEVEL = "-Onone";
			};
			name = Debug;
		};
		7455E4E929881CB400F97FEF /* Release */ = {
			isa = XCBuildConfiguration;
			buildSettings = {
				ALWAYS_SEARCH_USER_PATHS = NO;
				CLANG_ANALYZER_LOCALIZABILITY_NONLOCALIZED = YES;
				CLANG_ANALYZER_NONNULL = YES;
				CLANG_ANALYZER_NUMBER_OBJECT_CONVERSION = YES_AGGRESSIVE;
				CLANG_CXX_LANGUAGE_STANDARD = "gnu++20";
				CLANG_ENABLE_MODULES = YES;
				CLANG_ENABLE_OBJC_ARC = YES;
				CLANG_ENABLE_OBJC_WEAK = YES;
				CLANG_WARN_BLOCK_CAPTURE_AUTORELEASING = YES;
				CLANG_WARN_BOOL_CONVERSION = YES;
				CLANG_WARN_COMMA = YES;
				CLANG_WARN_CONSTANT_CONVERSION = YES;
				CLANG_WARN_DEPRECATED_OBJC_IMPLEMENTATIONS = YES;
				CLANG_WARN_DIRECT_OBJC_ISA_USAGE = YES_ERROR;
				CLANG_WARN_DOCUMENTATION_COMMENTS = YES;
				CLANG_WARN_EMPTY_BODY = YES;
				CLANG_WARN_ENUM_CONVERSION = YES;
				CLANG_WARN_INFINITE_RECURSION = YES;
				CLANG_WARN_INT_CONVERSION = YES;
				CLANG_WARN_NON_LITERAL_NULL_CONVERSION = YES;
				CLANG_WARN_OBJC_IMPLICIT_RETAIN_SELF = YES;
				CLANG_WARN_OBJC_LITERAL_CONVERSION = YES;
				CLANG_WARN_OBJC_ROOT_CLASS = YES_ERROR;
				CLANG_WARN_QUOTED_INCLUDE_IN_FRAMEWORK_HEADER = YES;
				CLANG_WARN_RANGE_LOOP_ANALYSIS = YES;
				CLANG_WARN_STRICT_PROTOTYPES = YES;
				CLANG_WARN_SUSPICIOUS_MOVE = YES;
				CLANG_WARN_UNGUARDED_AVAILABILITY = YES_AGGRESSIVE;
				CLANG_WARN_UNREACHABLE_CODE = YES;
				CLANG_WARN__DUPLICATE_METHOD_MATCH = YES;
				COPY_PHASE_STRIP = NO;
				DEBUG_INFORMATION_FORMAT = "dwarf-with-dsym";
				ENABLE_NS_ASSERTIONS = NO;
				ENABLE_STRICT_OBJC_MSGSEND = YES;
				GCC_C_LANGUAGE_STANDARD = gnu11;
				GCC_NO_COMMON_BLOCKS = YES;
				GCC_WARN_64_TO_32_BIT_CONVERSION = YES;
				GCC_WARN_ABOUT_RETURN_TYPE = YES_ERROR;
				GCC_WARN_UNDECLARED_SELECTOR = YES;
				GCC_WARN_UNINITIALIZED_AUTOS = YES_AGGRESSIVE;
				GCC_WARN_UNUSED_FUNCTION = YES;
				GCC_WARN_UNUSED_VARIABLE = YES;
				IPHONEOS_DEPLOYMENT_TARGET = 16.2;
				MTL_ENABLE_DEBUG_INFO = NO;
				MTL_FAST_MATH = YES;
				SDKROOT = iphoneos;
				SWIFT_COMPILATION_MODE = wholemodule;
				SWIFT_OPTIMIZATION_LEVEL = "-O";
				VALIDATE_PRODUCT = YES;
			};
			name = Release;
		};
		7455E4EB29881CB400F97FEF /* Debug */ = {
			isa = XCBuildConfiguration;
			buildSettings = {
				ASSETCATALOG_COMPILER_APPICON_NAME = AppIcon;
				ASSETCATALOG_COMPILER_GLOBAL_ACCENT_COLOR_NAME = AccentColor;
				CODE_SIGN_STYLE = Automatic;
				CURRENT_PROJECT_VERSION = 1;
				DEVELOPMENT_TEAM = KGK5UKQJ46;
				GENERATE_INFOPLIST_FILE = YES;
				INFOPLIST_FILE = AdaptyUIDemo/Info.plist;
				INFOPLIST_KEY_UIApplicationSupportsIndirectInputEvents = YES;
				INFOPLIST_KEY_UILaunchStoryboardName = LaunchScreen;
				INFOPLIST_KEY_UIMainStoryboardFile = Main;
				INFOPLIST_KEY_UISupportedInterfaceOrientations_iPad = "UIInterfaceOrientationPortrait UIInterfaceOrientationPortraitUpsideDown UIInterfaceOrientationLandscapeLeft UIInterfaceOrientationLandscapeRight";
				INFOPLIST_KEY_UISupportedInterfaceOrientations_iPhone = "UIInterfaceOrientationPortrait UIInterfaceOrientationLandscapeLeft UIInterfaceOrientationLandscapeRight";
				IPHONEOS_DEPLOYMENT_TARGET = 13.0;
				LD_RUNPATH_SEARCH_PATHS = (
					"$(inherited)",
					"@executable_path/Frameworks",
				);
				MARKETING_VERSION = 3.0.0;
				PRODUCT_BUNDLE_IDENTIFIER = com.adapty.adaptyuidemoapp;
				PRODUCT_NAME = "$(TARGET_NAME)";
				SUPPORTED_PLATFORMS = "iphoneos iphonesimulator";
				SUPPORTS_MACCATALYST = NO;
				SUPPORTS_MAC_DESIGNED_FOR_IPHONE_IPAD = NO;
				SUPPORTS_XR_DESIGNED_FOR_IPHONE_IPAD = NO;
				SWIFT_EMIT_LOC_STRINGS = YES;
				SWIFT_VERSION = 5.0;
				TARGETED_DEVICE_FAMILY = 1;
			};
			name = Debug;
		};
		7455E4EC29881CB400F97FEF /* Release */ = {
			isa = XCBuildConfiguration;
			buildSettings = {
				ASSETCATALOG_COMPILER_APPICON_NAME = AppIcon;
				ASSETCATALOG_COMPILER_GLOBAL_ACCENT_COLOR_NAME = AccentColor;
				CODE_SIGN_STYLE = Automatic;
				CURRENT_PROJECT_VERSION = 1;
				DEVELOPMENT_TEAM = KGK5UKQJ46;
				GENERATE_INFOPLIST_FILE = YES;
				INFOPLIST_FILE = AdaptyUIDemo/Info.plist;
				INFOPLIST_KEY_UIApplicationSupportsIndirectInputEvents = YES;
				INFOPLIST_KEY_UILaunchStoryboardName = LaunchScreen;
				INFOPLIST_KEY_UIMainStoryboardFile = Main;
				INFOPLIST_KEY_UISupportedInterfaceOrientations_iPad = "UIInterfaceOrientationPortrait UIInterfaceOrientationPortraitUpsideDown UIInterfaceOrientationLandscapeLeft UIInterfaceOrientationLandscapeRight";
				INFOPLIST_KEY_UISupportedInterfaceOrientations_iPhone = "UIInterfaceOrientationPortrait UIInterfaceOrientationLandscapeLeft UIInterfaceOrientationLandscapeRight";
				IPHONEOS_DEPLOYMENT_TARGET = 13.0;
				LD_RUNPATH_SEARCH_PATHS = (
					"$(inherited)",
					"@executable_path/Frameworks",
				);
				MARKETING_VERSION = 3.0.0;
				PRODUCT_BUNDLE_IDENTIFIER = com.adapty.adaptyuidemoapp;
				PRODUCT_NAME = "$(TARGET_NAME)";
				SUPPORTED_PLATFORMS = "iphoneos iphonesimulator";
				SUPPORTS_MACCATALYST = NO;
				SUPPORTS_MAC_DESIGNED_FOR_IPHONE_IPAD = NO;
				SUPPORTS_XR_DESIGNED_FOR_IPHONE_IPAD = NO;
				SWIFT_EMIT_LOC_STRINGS = YES;
				SWIFT_VERSION = 5.0;
				TARGETED_DEVICE_FAMILY = 1;
			};
			name = Release;
		};
/* End XCBuildConfiguration section */

/* Begin XCConfigurationList section */
		7455E4D129881CB400F97FEF /* Build configuration list for PBXProject "AdaptyUIDemo" */ = {
			isa = XCConfigurationList;
			buildConfigurations = (
				7455E4E829881CB400F97FEF /* Debug */,
				7455E4E929881CB400F97FEF /* Release */,
			);
			defaultConfigurationIsVisible = 0;
			defaultConfigurationName = Release;
		};
		7455E4EA29881CB400F97FEF /* Build configuration list for PBXNativeTarget "AdaptyUIDemo" */ = {
			isa = XCConfigurationList;
			buildConfigurations = (
				7455E4EB29881CB400F97FEF /* Debug */,
				7455E4EC29881CB400F97FEF /* Release */,
			);
			defaultConfigurationIsVisible = 0;
			defaultConfigurationName = Release;
		};
/* End XCConfigurationList section */

/* Begin XCSwiftPackageProductDependency section */
		7455E4F029881CFD00F97FEF /* AdaptyUI */ = {
			isa = XCSwiftPackageProductDependency;
			productName = AdaptyUI;
		};
/* End XCSwiftPackageProductDependency section */
	};
	rootObject = 7455E4CE29881CB400F97FEF /* Project object */;
}
