// !$*UTF8*$!
{
	archiveVersion = 1;
	classes = {
	};
	objectVersion = 46;
	objects = {

/* Begin PBXBuildFile section */
		607FACD61AFB9204008FA782 /* AppDelegate.swift in Sources */ = {isa = PBXBuildFile; fileRef = 607FACD51AFB9204008FA782 /* AppDelegate.swift */; };
		607FACDB1AFB9204008FA782 /* Main.storyboard in Resources */ = {isa = PBXBuildFile; fileRef = 607FACD91AFB9204008FA782 /* Main.storyboard */; };
		607FACDD1AFB9204008FA782 /* Images.xcassets in Resources */ = {isa = PBXBuildFile; fileRef = 607FACDC1AFB9204008FA782 /* Images.xcassets */; };
		607FACE01AFB9204008FA782 /* LaunchScreen.xib in Resources */ = {isa = PBXBuildFile; fileRef = 607FACDE1AFB9204008FA782 /* LaunchScreen.xib */; };
		741DF2EF28F43BB900ED221B /* Requests+Profile.swift in Sources */ = {isa = PBXBuildFile; fileRef = 741DF2EE28F43BB900ED221B /* Requests+Profile.swift */; };
		741DF2F428F480AE00ED221B /* NetworkingEncodingDecoding.swift in Sources */ = {isa = PBXBuildFile; fileRef = 741DF2F328F480AE00ED221B /* NetworkingEncodingDecoding.swift */; };
		741DF2F628F5C1AB00ED221B /* Requests+SetEnabledAnalytics.swift in Sources */ = {isa = PBXBuildFile; fileRef = 741DF2F528F5C1AB00ED221B /* Requests+SetEnabledAnalytics.swift */; };
		741DF2F828F5C2D500ED221B /* TestsConstants.swift in Sources */ = {isa = PBXBuildFile; fileRef = 741DF2F728F5C2D500ED221B /* TestsConstants.swift */; };
		741DF2FB28F5C37400ED221B /* AssertHelpers.swift in Sources */ = {isa = PBXBuildFile; fileRef = 741DF2FA28F5C37400ED221B /* AssertHelpers.swift */; };
		741DF2FD28F5CFB500ED221B /* Requests+Kinesis.swift in Sources */ = {isa = PBXBuildFile; fileRef = 741DF2FC28F5CFB500ED221B /* Requests+Kinesis.swift */; };
		741DF2FF28F5DE6000ED221B /* Requests+SetTransactionVariationId.swift in Sources */ = {isa = PBXBuildFile; fileRef = 741DF2FE28F5DE6000ED221B /* Requests+SetTransactionVariationId.swift */; };
		741DF30128F5E1DA00ED221B /* Requests+FetchAllProducts.swift in Sources */ = {isa = PBXBuildFile; fileRef = 741DF30028F5E1DA00ED221B /* Requests+FetchAllProducts.swift */; };
		741DF30328F5E26500ED221B /* Requests+Helper.swift in Sources */ = {isa = PBXBuildFile; fileRef = 741DF30228F5E26500ED221B /* Requests+Helper.swift */; };
		741DF30528F6BE3A00ED221B /* Requests+FetchPaywall.swift in Sources */ = {isa = PBXBuildFile; fileRef = 741DF30428F6BE3A00ED221B /* Requests+FetchPaywall.swift */; };
		741DF30728F6F24100ED221B /* Requests+SetAttribution.swift in Sources */ = {isa = PBXBuildFile; fileRef = 741DF30628F6F24100ED221B /* Requests+SetAttribution.swift */; };
		741DF30928F6F5E800ED221B /* Requests+SignSubscriptionOffer.swift in Sources */ = {isa = PBXBuildFile; fileRef = 741DF30828F6F5E800ED221B /* Requests+SignSubscriptionOffer.swift */; };
		741DF30B28F6F97B00ED221B /* Requests+ValidateReceipt.swift in Sources */ = {isa = PBXBuildFile; fileRef = 741DF30A28F6F97B00ED221B /* Requests+ValidateReceipt.swift */; };
		741DF30D28F98A2B00ED221B /* Requests+FetchAllProductVendorIds.swift in Sources */ = {isa = PBXBuildFile; fileRef = 741DF30C28F98A2A00ED221B /* Requests+FetchAllProductVendorIds.swift */; };
		741DF30F29002D1700ED221B /* EventsManagerTests.swift in Sources */ = {isa = PBXBuildFile; fileRef = 741DF30E29002D1700ED221B /* EventsManagerTests.swift */; };
		741DF31229003E7A00ED221B /* ProfileParametersBuilderTests.swift in Sources */ = {isa = PBXBuildFile; fileRef = 741DF31129003E7A00ED221B /* ProfileParametersBuilderTests.swift */; };
		741DF31829005BFE00ED221B /* Models+Fallback.swift in Sources */ = {isa = PBXBuildFile; fileRef = 741DF31729005BFE00ED221B /* Models+Fallback.swift */; };
		741DF32B29015F5700ED221B /* AppConstants.swift in Sources */ = {isa = PBXBuildFile; fileRef = 741DF32A29015F5600ED221B /* AppConstants.swift */; };
		741DF32D29015F7200ED221B /* UIViewController+SwiftUI.swift in Sources */ = {isa = PBXBuildFile; fileRef = 741DF32C29015F7200ED221B /* UIViewController+SwiftUI.swift */; };
		741DF32F29015F8000ED221B /* MainControllerView.swift in Sources */ = {isa = PBXBuildFile; fileRef = 741DF32E29015F8000ED221B /* MainControllerView.swift */; };
		741DF34429019AF400ED221B /* fallback_example.json in Resources */ = {isa = PBXBuildFile; fileRef = 741DF34329019AF300ED221B /* fallback_example.json */; };
		741DF34529019B6400ED221B /* fallback_example.json in Resources */ = {isa = PBXBuildFile; fileRef = 741DF34329019AF300ED221B /* fallback_example.json */; };
		741DF34729019CD100ED221B /* Models+Paywall.swift in Sources */ = {isa = PBXBuildFile; fileRef = 741DF34629019CD100ED221B /* Models+Paywall.swift */; };
		741DF34D29019DE300ED221B /* paywall_example.json in Resources */ = {isa = PBXBuildFile; fileRef = 741DF34C29019DE300ED221B /* paywall_example.json */; };
		741DF34E29019DFD00ED221B /* paywall_example.json in Resources */ = {isa = PBXBuildFile; fileRef = 741DF34C29019DE300ED221B /* paywall_example.json */; };
		7452CC5629113C4C00AC06FB /* LogsListView.swift in Sources */ = {isa = PBXBuildFile; fileRef = 7452CC5329113C4C00AC06FB /* LogsListView.swift */; };
		7452CC5729113C4C00AC06FB /* LogsObserver.swift in Sources */ = {isa = PBXBuildFile; fileRef = 7452CC5429113C4C00AC06FB /* LogsObserver.swift */; };
		7452CC5829113C4C00AC06FB /* LogsController.swift in Sources */ = {isa = PBXBuildFile; fileRef = 7452CC5529113C4C00AC06FB /* LogsController.swift */; };
		7452CD5D29127B9500AC06FB /* fallback_paywalls.json in Resources */ = {isa = PBXBuildFile; fileRef = 7452CD5C29127B9000AC06FB /* fallback_paywalls.json */; };
		7452CD5E29127B9500AC06FB /* fallback_paywalls.json in Resources */ = {isa = PBXBuildFile; fileRef = 7452CD5C29127B9000AC06FB /* fallback_paywalls.json */; };
		7452CD602912A80F00AC06FB /* AppDelegate+ThirdPartyLibs.swift in Sources */ = {isa = PBXBuildFile; fileRef = 7452CD5F2912A80F00AC06FB /* AppDelegate+ThirdPartyLibs.swift */; };
		745C926D2902A53B00731AE4 /* product_ok.json in Resources */ = {isa = PBXBuildFile; fileRef = 745C926C2902A53B00731AE4 /* product_ok.json */; };
		745C92702902A5D300731AE4 /* Models+BackendProduct.swift in Sources */ = {isa = PBXBuildFile; fileRef = 745C926F2902A5D300731AE4 /* Models+BackendProduct.swift */; };
		745C92752902A62400731AE4 /* product_no_timestamp.json in Resources */ = {isa = PBXBuildFile; fileRef = 745C92742902A62400731AE4 /* product_no_timestamp.json */; };
		745C92772902A64400731AE4 /* product_no_title.json in Resources */ = {isa = PBXBuildFile; fileRef = 745C92762902A64400731AE4 /* product_no_title.json */; };
		745C927A2902A65100731AE4 /* product_no_title.json in Resources */ = {isa = PBXBuildFile; fileRef = 745C92762902A64400731AE4 /* product_no_title.json */; };
		745C927B2902A65100731AE4 /* product_no_timestamp.json in Resources */ = {isa = PBXBuildFile; fileRef = 745C92742902A62400731AE4 /* product_no_timestamp.json */; };
		745C927C2902A65100731AE4 /* product_ok.json in Resources */ = {isa = PBXBuildFile; fileRef = 745C926C2902A53B00731AE4 /* product_ok.json */; };
		745C927E2902A66B00731AE4 /* product_no_id.json in Resources */ = {isa = PBXBuildFile; fileRef = 745C927D2902A66B00731AE4 /* product_no_id.json */; };
		745C927F2902A72A00731AE4 /* product_no_id.json in Resources */ = {isa = PBXBuildFile; fileRef = 745C927D2902A66B00731AE4 /* product_no_id.json */; };
		745C9294290819D000731AE4 /* Models+Profile.swift in Sources */ = {isa = PBXBuildFile; fileRef = 745C9290290819D000731AE4 /* Models+Profile.swift */; };
		745C929F2908223800731AE4 /* paywall_corrupted_payload.json in Resources */ = {isa = PBXBuildFile; fileRef = 745C929C2908223800731AE4 /* paywall_corrupted_payload.json */; };
		745C92A02908223800731AE4 /* paywall_empty_products.json in Resources */ = {isa = PBXBuildFile; fileRef = 745C929D2908223800731AE4 /* paywall_empty_products.json */; };
		745C92A12908223800731AE4 /* paywall_no_products.json in Resources */ = {isa = PBXBuildFile; fileRef = 745C929E2908223800731AE4 /* paywall_no_products.json */; };
		745C92A22908223D00731AE4 /* paywall_no_products.json in Resources */ = {isa = PBXBuildFile; fileRef = 745C929E2908223800731AE4 /* paywall_no_products.json */; };
		745C92A32908223D00731AE4 /* paywall_corrupted_payload.json in Resources */ = {isa = PBXBuildFile; fileRef = 745C929C2908223800731AE4 /* paywall_corrupted_payload.json */; };
		745C92A42908223D00731AE4 /* paywall_empty_products.json in Resources */ = {isa = PBXBuildFile; fileRef = 745C929D2908223800731AE4 /* paywall_empty_products.json */; };
		745C92A6290824F900731AE4 /* paywall_no_timestamp.json in Resources */ = {isa = PBXBuildFile; fileRef = 745C92A5290824F900731AE4 /* paywall_no_timestamp.json */; };
		745C92A7290824FC00731AE4 /* paywall_no_timestamp.json in Resources */ = {isa = PBXBuildFile; fileRef = 745C92A5290824F900731AE4 /* paywall_no_timestamp.json */; };
		745C92AB2908370600731AE4 /* profile_custom_attributes.json in Resources */ = {isa = PBXBuildFile; fileRef = 745C92A82908370600731AE4 /* profile_custom_attributes.json */; };
		745C92AC2908370600731AE4 /* profile_empty.json in Resources */ = {isa = PBXBuildFile; fileRef = 745C92A92908370600731AE4 /* profile_empty.json */; };
		745C92AD2908370600731AE4 /* profile_full.json in Resources */ = {isa = PBXBuildFile; fileRef = 745C92AA2908370600731AE4 /* profile_full.json */; };
		745C92AE2908371100731AE4 /* profile_custom_attributes.json in Resources */ = {isa = PBXBuildFile; fileRef = 745C92A82908370600731AE4 /* profile_custom_attributes.json */; };
		745C92AF2908371100731AE4 /* profile_empty.json in Resources */ = {isa = PBXBuildFile; fileRef = 745C92A92908370600731AE4 /* profile_empty.json */; };
		745C92B02908371100731AE4 /* profile_full.json in Resources */ = {isa = PBXBuildFile; fileRef = 745C92AA2908370600731AE4 /* profile_full.json */; };
		745C92B4290AD8B600731AE4 /* UpdateAttributionTests.swift in Sources */ = {isa = PBXBuildFile; fileRef = 745C92B3290AD8B600731AE4 /* UpdateAttributionTests.swift */; };
		745C92B5290ADA4900731AE4 /* AppConstants.swift in Sources */ = {isa = PBXBuildFile; fileRef = 741DF32A29015F5600ED221B /* AppConstants.swift */; };
		747DD7B3290C143600326160 /* Requests+Hash.swift in Sources */ = {isa = PBXBuildFile; fileRef = 747DD7B2290C143600326160 /* Requests+Hash.swift */; };
		747DD7B6290E828F00326160 /* ProductsManagerTests.swift in Sources */ = {isa = PBXBuildFile; fileRef = 747DD7B5290E828F00326160 /* ProductsManagerTests.swift */; };
		747DD7B8290E875100326160 /* StoreKitConfiguration.storekit in Resources */ = {isa = PBXBuildFile; fileRef = 747DD7B7290E873A00326160 /* StoreKitConfiguration.storekit */; };
		747DD7B9290E875100326160 /* StoreKitConfiguration.storekit in Resources */ = {isa = PBXBuildFile; fileRef = 747DD7B7290E873A00326160 /* StoreKitConfiguration.storekit */; };
		747DD7BB290E943F00326160 /* StoreKitTestCertificate.cer in Resources */ = {isa = PBXBuildFile; fileRef = 747DD7BA290E943F00326160 /* StoreKitTestCertificate.cer */; };
		747DD7BD290E967C00326160 /* ReceiptManagerTests.swift in Sources */ = {isa = PBXBuildFile; fileRef = 747DD7BC290E967C00326160 /* ReceiptManagerTests.swift */; };
		747DD7C3290FCF3D00326160 /* QueueManagerTests.swift in Sources */ = {isa = PBXBuildFile; fileRef = 747DD7C2290FCF3D00326160 /* QueueManagerTests.swift */; };
		747DD7C52910344E00326160 /* ProductTypealias.swift in Sources */ = {isa = PBXBuildFile; fileRef = 747DD7C42910344E00326160 /* ProductTypealias.swift */; };
		7485FBF628ABCF4A00FFBEEB /* MainController.swift in Sources */ = {isa = PBXBuildFile; fileRef = 7485FBF528ABCF4A00FFBEEB /* MainController.swift */; };
		7485FBF828ABCF5100FFBEEB /* MainPresenter.swift in Sources */ = {isa = PBXBuildFile; fileRef = 7485FBF728ABCF5100FFBEEB /* MainPresenter.swift */; };
		7485FBFC28ABDD6900FFBEEB /* PurchasesObserver.swift in Sources */ = {isa = PBXBuildFile; fileRef = 7485FBFB28ABDD6900FFBEEB /* PurchasesObserver.swift */; };
		7485FBFF28ABF11600FFBEEB /* PurchaseController.swift in Sources */ = {isa = PBXBuildFile; fileRef = 7485FBFE28ABF11600FFBEEB /* PurchaseController.swift */; };
		7485FC0128ABF13100FFBEEB /* PurchasePresenter.swift in Sources */ = {isa = PBXBuildFile; fileRef = 7485FC0028ABF13100FFBEEB /* PurchasePresenter.swift */; };
		7485FC0328ACD45700FFBEEB /* PurchaseWideButton.xib in Resources */ = {isa = PBXBuildFile; fileRef = 7485FC0228ACD45700FFBEEB /* PurchaseWideButton.xib */; };
		7485FC0528ACD4A800FFBEEB /* PurchaseWideButton.swift in Sources */ = {isa = PBXBuildFile; fileRef = 7485FC0428ACD4A800FFBEEB /* PurchaseWideButton.swift */; };
		7485FC0728ACD8EA00FFBEEB /* UIColorExtensions.swift in Sources */ = {isa = PBXBuildFile; fileRef = 7485FC0628ACD8EA00FFBEEB /* UIColorExtensions.swift */; };
		7485FC0928ACDB0200FFBEEB /* PurchaseConfiguration.swift in Sources */ = {isa = PBXBuildFile; fileRef = 7485FC0828ACDB0200FFBEEB /* PurchaseConfiguration.swift */; };
		7485FC1028ACF14600FFBEEB /* PurchaseTallButton.swift in Sources */ = {isa = PBXBuildFile; fileRef = 7485FC0F28ACF14600FFBEEB /* PurchaseTallButton.swift */; };
		7485FC1228ACF14F00FFBEEB /* PurchaseTallButton.xib in Resources */ = {isa = PBXBuildFile; fileRef = 7485FC1128ACF14F00FFBEEB /* PurchaseTallButton.xib */; };
		7485FC1428ACF1D300FFBEEB /* IPurchaseButton.swift in Sources */ = {isa = PBXBuildFile; fileRef = 7485FC1328ACF1D300FFBEEB /* IPurchaseButton.swift */; };
		7485FC1628ACF23100FFBEEB /* AdaptyModelsExtensions.swift in Sources */ = {isa = PBXBuildFile; fileRef = 7485FC1528ACF23100FFBEEB /* AdaptyModelsExtensions.swift */; };
		75E09E001FF56A10F9975314 /* Pods_Adapty_Tests.framework in Frameworks */ = {isa = PBXBuildFile; fileRef = 6933B2657041857BD974C893 /* Pods_Adapty_Tests.framework */; };
		9A0AF094E860226F6230BAA9 /* Pods_Adapty_Example.framework in Frameworks */ = {isa = PBXBuildFile; fileRef = BAE9CF399A8493F9C5027242 /* Pods_Adapty_Example.framework */; };
		A33B1BF028F88FB9004D748B /* EventCollectionTests.swift in Sources */ = {isa = PBXBuildFile; fileRef = A33B1BEF28F88FB9004D748B /* EventCollectionTests.swift */; };
		A38B25B629030888000A61B3 /* EventsStorage.swift in Sources */ = {isa = PBXBuildFile; fileRef = A38B25B529030888000A61B3 /* EventsStorage.swift */; };
		D613205023A385A900402998 /* StoreKit.framework in Frameworks */ = {isa = PBXBuildFile; fileRef = D613204F23A385A900402998 /* StoreKit.framework */; };
		D6F8D53E23BFBE4A00CB719A /* UIViewControllerExtension.swift in Sources */ = {isa = PBXBuildFile; fileRef = D6F8D53D23BFBE4A00CB719A /* UIViewControllerExtension.swift */; };
/* End PBXBuildFile section */

/* Begin PBXContainerItemProxy section */
		607FACE61AFB9204008FA782 /* PBXContainerItemProxy */ = {
			isa = PBXContainerItemProxy;
			containerPortal = 607FACC81AFB9204008FA782 /* Project object */;
			proxyType = 1;
			remoteGlobalIDString = 607FACCF1AFB9204008FA782;
			remoteInfo = Adapty;
		};
/* End PBXContainerItemProxy section */

/* Begin PBXFileReference section */
		0B77B02FCC407C887AADA018 /* Pods-Adapty_Tests.release.xcconfig */ = {isa = PBXFileReference; includeInIndex = 1; lastKnownFileType = text.xcconfig; name = "Pods-Adapty_Tests.release.xcconfig"; path = "Target Support Files/Pods-Adapty_Tests/Pods-Adapty_Tests.release.xcconfig"; sourceTree = "<group>"; };
		4AE005B626BC7B3800FE4D12 /* Package.swift */ = {isa = PBXFileReference; lastKnownFileType = sourcecode.swift; name = Package.swift; path = ../Package.swift; sourceTree = "<group>"; };
		53AD3D6D363A126F96F974FE /* README.md */ = {isa = PBXFileReference; includeInIndex = 1; lastKnownFileType = net.daringfireball.markdown; name = README.md; path = ../README.md; sourceTree = "<group>"; };
		588DF37E8E29D1227EDF23E6 /* Pods-Adapty_Example.release.xcconfig */ = {isa = PBXFileReference; includeInIndex = 1; lastKnownFileType = text.xcconfig; name = "Pods-Adapty_Example.release.xcconfig"; path = "Target Support Files/Pods-Adapty_Example/Pods-Adapty_Example.release.xcconfig"; sourceTree = "<group>"; };
		607FACD01AFB9204008FA782 /* Adapty_Example.app */ = {isa = PBXFileReference; explicitFileType = wrapper.application; includeInIndex = 0; path = Adapty_Example.app; sourceTree = BUILT_PRODUCTS_DIR; };
		607FACD41AFB9204008FA782 /* Info.plist */ = {isa = PBXFileReference; lastKnownFileType = text.plist.xml; path = Info.plist; sourceTree = "<group>"; };
		607FACD51AFB9204008FA782 /* AppDelegate.swift */ = {isa = PBXFileReference; lastKnownFileType = sourcecode.swift; path = AppDelegate.swift; sourceTree = "<group>"; };
		607FACDA1AFB9204008FA782 /* Base */ = {isa = PBXFileReference; lastKnownFileType = file.storyboard; name = Base; path = Base.lproj/Main.storyboard; sourceTree = "<group>"; };
		607FACDC1AFB9204008FA782 /* Images.xcassets */ = {isa = PBXFileReference; lastKnownFileType = folder.assetcatalog; path = Images.xcassets; sourceTree = "<group>"; };
		607FACDF1AFB9204008FA782 /* Base */ = {isa = PBXFileReference; lastKnownFileType = file.xib; name = Base; path = Base.lproj/LaunchScreen.xib; sourceTree = "<group>"; };
		607FACE51AFB9204008FA782 /* Adapty_Tests.xctest */ = {isa = PBXFileReference; explicitFileType = wrapper.cfbundle; includeInIndex = 0; path = Adapty_Tests.xctest; sourceTree = BUILT_PRODUCTS_DIR; };
		607FACEA1AFB9204008FA782 /* Info.plist */ = {isa = PBXFileReference; lastKnownFileType = text.plist.xml; path = Info.plist; sourceTree = "<group>"; };
		6933B2657041857BD974C893 /* Pods_Adapty_Tests.framework */ = {isa = PBXFileReference; explicitFileType = wrapper.framework; includeInIndex = 0; path = Pods_Adapty_Tests.framework; sourceTree = BUILT_PRODUCTS_DIR; };
		72E1331FC8AE46397495452B /* Pods-Adapty_Tests.debug.xcconfig */ = {isa = PBXFileReference; includeInIndex = 1; lastKnownFileType = text.xcconfig; name = "Pods-Adapty_Tests.debug.xcconfig"; path = "Target Support Files/Pods-Adapty_Tests/Pods-Adapty_Tests.debug.xcconfig"; sourceTree = "<group>"; };
		741DF2EE28F43BB900ED221B /* Requests+Profile.swift */ = {isa = PBXFileReference; lastKnownFileType = sourcecode.swift; path = "Requests+Profile.swift"; sourceTree = "<group>"; };
		741DF2F328F480AE00ED221B /* NetworkingEncodingDecoding.swift */ = {isa = PBXFileReference; lastKnownFileType = sourcecode.swift; path = NetworkingEncodingDecoding.swift; sourceTree = "<group>"; };
		741DF2F528F5C1AB00ED221B /* Requests+SetEnabledAnalytics.swift */ = {isa = PBXFileReference; lastKnownFileType = sourcecode.swift; path = "Requests+SetEnabledAnalytics.swift"; sourceTree = "<group>"; };
		741DF2F728F5C2D500ED221B /* TestsConstants.swift */ = {isa = PBXFileReference; lastKnownFileType = sourcecode.swift; path = TestsConstants.swift; sourceTree = "<group>"; };
		741DF2FA28F5C37400ED221B /* AssertHelpers.swift */ = {isa = PBXFileReference; lastKnownFileType = sourcecode.swift; path = AssertHelpers.swift; sourceTree = "<group>"; };
		741DF2FC28F5CFB500ED221B /* Requests+Kinesis.swift */ = {isa = PBXFileReference; lastKnownFileType = sourcecode.swift; path = "Requests+Kinesis.swift"; sourceTree = "<group>"; };
		741DF2FE28F5DE6000ED221B /* Requests+SetTransactionVariationId.swift */ = {isa = PBXFileReference; lastKnownFileType = sourcecode.swift; path = "Requests+SetTransactionVariationId.swift"; sourceTree = "<group>"; };
		741DF30028F5E1DA00ED221B /* Requests+FetchAllProducts.swift */ = {isa = PBXFileReference; lastKnownFileType = sourcecode.swift; path = "Requests+FetchAllProducts.swift"; sourceTree = "<group>"; };
		741DF30228F5E26500ED221B /* Requests+Helper.swift */ = {isa = PBXFileReference; lastKnownFileType = sourcecode.swift; path = "Requests+Helper.swift"; sourceTree = "<group>"; };
		741DF30428F6BE3A00ED221B /* Requests+FetchPaywall.swift */ = {isa = PBXFileReference; lastKnownFileType = sourcecode.swift; path = "Requests+FetchPaywall.swift"; sourceTree = "<group>"; };
		741DF30628F6F24100ED221B /* Requests+SetAttribution.swift */ = {isa = PBXFileReference; lastKnownFileType = sourcecode.swift; path = "Requests+SetAttribution.swift"; sourceTree = "<group>"; };
		741DF30828F6F5E800ED221B /* Requests+SignSubscriptionOffer.swift */ = {isa = PBXFileReference; lastKnownFileType = sourcecode.swift; path = "Requests+SignSubscriptionOffer.swift"; sourceTree = "<group>"; };
		741DF30A28F6F97B00ED221B /* Requests+ValidateReceipt.swift */ = {isa = PBXFileReference; lastKnownFileType = sourcecode.swift; path = "Requests+ValidateReceipt.swift"; sourceTree = "<group>"; };
		741DF30C28F98A2A00ED221B /* Requests+FetchAllProductVendorIds.swift */ = {isa = PBXFileReference; lastKnownFileType = sourcecode.swift; path = "Requests+FetchAllProductVendorIds.swift"; sourceTree = "<group>"; };
		741DF30E29002D1700ED221B /* EventsManagerTests.swift */ = {isa = PBXFileReference; lastKnownFileType = sourcecode.swift; path = EventsManagerTests.swift; sourceTree = "<group>"; };
		741DF31129003E7A00ED221B /* ProfileParametersBuilderTests.swift */ = {isa = PBXFileReference; lastKnownFileType = sourcecode.swift; path = ProfileParametersBuilderTests.swift; sourceTree = "<group>"; };
		741DF31729005BFE00ED221B /* Models+Fallback.swift */ = {isa = PBXFileReference; fileEncoding = 4; lastKnownFileType = sourcecode.swift; path = "Models+Fallback.swift"; sourceTree = "<group>"; };
		741DF32A29015F5600ED221B /* AppConstants.swift */ = {isa = PBXFileReference; fileEncoding = 4; lastKnownFileType = sourcecode.swift; path = AppConstants.swift; sourceTree = "<group>"; };
		741DF32C29015F7200ED221B /* UIViewController+SwiftUI.swift */ = {isa = PBXFileReference; fileEncoding = 4; lastKnownFileType = sourcecode.swift; path = "UIViewController+SwiftUI.swift"; sourceTree = "<group>"; };
		741DF32E29015F8000ED221B /* MainControllerView.swift */ = {isa = PBXFileReference; fileEncoding = 4; lastKnownFileType = sourcecode.swift; path = MainControllerView.swift; sourceTree = "<group>"; };
		741DF34329019AF300ED221B /* fallback_example.json */ = {isa = PBXFileReference; fileEncoding = 4; lastKnownFileType = text.json; path = fallback_example.json; sourceTree = "<group>"; };
		741DF34629019CD100ED221B /* Models+Paywall.swift */ = {isa = PBXFileReference; lastKnownFileType = sourcecode.swift; path = "Models+Paywall.swift"; sourceTree = "<group>"; };
		741DF34C29019DE300ED221B /* paywall_example.json */ = {isa = PBXFileReference; lastKnownFileType = text.json; path = paywall_example.json; sourceTree = "<group>"; };
		7452CC5329113C4C00AC06FB /* LogsListView.swift */ = {isa = PBXFileReference; fileEncoding = 4; lastKnownFileType = sourcecode.swift; path = LogsListView.swift; sourceTree = "<group>"; };
		7452CC5429113C4C00AC06FB /* LogsObserver.swift */ = {isa = PBXFileReference; fileEncoding = 4; lastKnownFileType = sourcecode.swift; path = LogsObserver.swift; sourceTree = "<group>"; };
		7452CC5529113C4C00AC06FB /* LogsController.swift */ = {isa = PBXFileReference; fileEncoding = 4; lastKnownFileType = sourcecode.swift; path = LogsController.swift; sourceTree = "<group>"; };
		7452CD5C29127B9000AC06FB /* fallback_paywalls.json */ = {isa = PBXFileReference; lastKnownFileType = text.json; path = fallback_paywalls.json; sourceTree = SOURCE_ROOT; };
		7452CD5F2912A80F00AC06FB /* AppDelegate+ThirdPartyLibs.swift */ = {isa = PBXFileReference; lastKnownFileType = sourcecode.swift; path = "AppDelegate+ThirdPartyLibs.swift"; sourceTree = "<group>"; };
		745C926C2902A53B00731AE4 /* product_ok.json */ = {isa = PBXFileReference; lastKnownFileType = text.json; path = product_ok.json; sourceTree = "<group>"; };
		745C926F2902A5D300731AE4 /* Models+BackendProduct.swift */ = {isa = PBXFileReference; lastKnownFileType = sourcecode.swift; path = "Models+BackendProduct.swift"; sourceTree = "<group>"; };
		745C92742902A62400731AE4 /* product_no_timestamp.json */ = {isa = PBXFileReference; lastKnownFileType = text.json; path = product_no_timestamp.json; sourceTree = "<group>"; };
		745C92762902A64400731AE4 /* product_no_title.json */ = {isa = PBXFileReference; lastKnownFileType = text.json; path = product_no_title.json; sourceTree = "<group>"; };
		745C927D2902A66B00731AE4 /* product_no_id.json */ = {isa = PBXFileReference; lastKnownFileType = text.json; path = product_no_id.json; sourceTree = "<group>"; };
		745C9290290819D000731AE4 /* Models+Profile.swift */ = {isa = PBXFileReference; fileEncoding = 4; lastKnownFileType = sourcecode.swift; path = "Models+Profile.swift"; sourceTree = "<group>"; };
		745C929C2908223800731AE4 /* paywall_corrupted_payload.json */ = {isa = PBXFileReference; fileEncoding = 4; lastKnownFileType = text.json; path = paywall_corrupted_payload.json; sourceTree = "<group>"; };
		745C929D2908223800731AE4 /* paywall_empty_products.json */ = {isa = PBXFileReference; fileEncoding = 4; lastKnownFileType = text.json; path = paywall_empty_products.json; sourceTree = "<group>"; };
		745C929E2908223800731AE4 /* paywall_no_products.json */ = {isa = PBXFileReference; fileEncoding = 4; lastKnownFileType = text.json; path = paywall_no_products.json; sourceTree = "<group>"; };
		745C92A5290824F900731AE4 /* paywall_no_timestamp.json */ = {isa = PBXFileReference; fileEncoding = 4; lastKnownFileType = text.json; path = paywall_no_timestamp.json; sourceTree = "<group>"; };
		745C92A82908370600731AE4 /* profile_custom_attributes.json */ = {isa = PBXFileReference; fileEncoding = 4; lastKnownFileType = text.json; path = profile_custom_attributes.json; sourceTree = "<group>"; };
		745C92A92908370600731AE4 /* profile_empty.json */ = {isa = PBXFileReference; fileEncoding = 4; lastKnownFileType = text.json; path = profile_empty.json; sourceTree = "<group>"; };
		745C92AA2908370600731AE4 /* profile_full.json */ = {isa = PBXFileReference; fileEncoding = 4; lastKnownFileType = text.json; path = profile_full.json; sourceTree = "<group>"; };
		745C92B3290AD8B600731AE4 /* UpdateAttributionTests.swift */ = {isa = PBXFileReference; lastKnownFileType = sourcecode.swift; path = UpdateAttributionTests.swift; sourceTree = "<group>"; };
		747DD7B2290C143600326160 /* Requests+Hash.swift */ = {isa = PBXFileReference; lastKnownFileType = sourcecode.swift; path = "Requests+Hash.swift"; sourceTree = "<group>"; };
		747DD7B5290E828F00326160 /* ProductsManagerTests.swift */ = {isa = PBXFileReference; lastKnownFileType = sourcecode.swift; path = ProductsManagerTests.swift; sourceTree = "<group>"; };
		747DD7B7290E873A00326160 /* StoreKitConfiguration.storekit */ = {isa = PBXFileReference; lastKnownFileType = text; path = StoreKitConfiguration.storekit; sourceTree = "<group>"; };
		747DD7BA290E943F00326160 /* StoreKitTestCertificate.cer */ = {isa = PBXFileReference; lastKnownFileType = file; path = StoreKitTestCertificate.cer; sourceTree = "<group>"; };
		747DD7BC290E967C00326160 /* ReceiptManagerTests.swift */ = {isa = PBXFileReference; lastKnownFileType = sourcecode.swift; path = ReceiptManagerTests.swift; sourceTree = "<group>"; };
		747DD7C2290FCF3D00326160 /* QueueManagerTests.swift */ = {isa = PBXFileReference; lastKnownFileType = sourcecode.swift; path = QueueManagerTests.swift; sourceTree = "<group>"; };
		747DD7C42910344E00326160 /* ProductTypealias.swift */ = {isa = PBXFileReference; lastKnownFileType = sourcecode.swift; path = ProductTypealias.swift; sourceTree = "<group>"; };
		7485FBF528ABCF4A00FFBEEB /* MainController.swift */ = {isa = PBXFileReference; lastKnownFileType = sourcecode.swift; path = MainController.swift; sourceTree = "<group>"; };
		7485FBF728ABCF5100FFBEEB /* MainPresenter.swift */ = {isa = PBXFileReference; lastKnownFileType = sourcecode.swift; path = MainPresenter.swift; sourceTree = "<group>"; };
		7485FBFB28ABDD6900FFBEEB /* PurchasesObserver.swift */ = {isa = PBXFileReference; lastKnownFileType = sourcecode.swift; path = PurchasesObserver.swift; sourceTree = "<group>"; };
		7485FBFE28ABF11600FFBEEB /* PurchaseController.swift */ = {isa = PBXFileReference; lastKnownFileType = sourcecode.swift; path = PurchaseController.swift; sourceTree = "<group>"; };
		7485FC0028ABF13100FFBEEB /* PurchasePresenter.swift */ = {isa = PBXFileReference; lastKnownFileType = sourcecode.swift; path = PurchasePresenter.swift; sourceTree = "<group>"; };
		7485FC0228ACD45700FFBEEB /* PurchaseWideButton.xib */ = {isa = PBXFileReference; lastKnownFileType = file.xib; path = PurchaseWideButton.xib; sourceTree = "<group>"; };
		7485FC0428ACD4A800FFBEEB /* PurchaseWideButton.swift */ = {isa = PBXFileReference; lastKnownFileType = sourcecode.swift; path = PurchaseWideButton.swift; sourceTree = "<group>"; };
		7485FC0628ACD8EA00FFBEEB /* UIColorExtensions.swift */ = {isa = PBXFileReference; lastKnownFileType = sourcecode.swift; path = UIColorExtensions.swift; sourceTree = "<group>"; };
		7485FC0828ACDB0200FFBEEB /* PurchaseConfiguration.swift */ = {isa = PBXFileReference; lastKnownFileType = sourcecode.swift; path = PurchaseConfiguration.swift; sourceTree = "<group>"; };
		7485FC0F28ACF14600FFBEEB /* PurchaseTallButton.swift */ = {isa = PBXFileReference; lastKnownFileType = sourcecode.swift; path = PurchaseTallButton.swift; sourceTree = "<group>"; };
		7485FC1128ACF14F00FFBEEB /* PurchaseTallButton.xib */ = {isa = PBXFileReference; lastKnownFileType = file.xib; path = PurchaseTallButton.xib; sourceTree = "<group>"; };
		7485FC1328ACF1D300FFBEEB /* IPurchaseButton.swift */ = {isa = PBXFileReference; lastKnownFileType = sourcecode.swift; path = IPurchaseButton.swift; sourceTree = "<group>"; };
		7485FC1528ACF23100FFBEEB /* AdaptyModelsExtensions.swift */ = {isa = PBXFileReference; lastKnownFileType = sourcecode.swift; path = AdaptyModelsExtensions.swift; sourceTree = "<group>"; };
		8049AD70F15878396F72026E /* Pods-Adapty_Example.debug.xcconfig */ = {isa = PBXFileReference; includeInIndex = 1; lastKnownFileType = text.xcconfig; name = "Pods-Adapty_Example.debug.xcconfig"; path = "Target Support Files/Pods-Adapty_Example/Pods-Adapty_Example.debug.xcconfig"; sourceTree = "<group>"; };
		A33B1BEF28F88FB9004D748B /* EventCollectionTests.swift */ = {isa = PBXFileReference; lastKnownFileType = sourcecode.swift; path = EventCollectionTests.swift; sourceTree = "<group>"; };
		A38B25B529030888000A61B3 /* EventsStorage.swift */ = {isa = PBXFileReference; lastKnownFileType = sourcecode.swift; path = EventsStorage.swift; sourceTree = "<group>"; };
		B3A0F805975930A3344E36CB /* LICENSE */ = {isa = PBXFileReference; includeInIndex = 1; lastKnownFileType = text; name = LICENSE; path = ../LICENSE; sourceTree = "<group>"; };
		BAE9CF399A8493F9C5027242 /* Pods_Adapty_Example.framework */ = {isa = PBXFileReference; explicitFileType = wrapper.framework; includeInIndex = 0; path = Pods_Adapty_Example.framework; sourceTree = BUILT_PRODUCTS_DIR; };
		D613204F23A385A900402998 /* StoreKit.framework */ = {isa = PBXFileReference; lastKnownFileType = wrapper.framework; name = StoreKit.framework; path = System/Library/Frameworks/StoreKit.framework; sourceTree = SDKROOT; };
		D6F8D53D23BFBE4A00CB719A /* UIViewControllerExtension.swift */ = {isa = PBXFileReference; lastKnownFileType = sourcecode.swift; path = UIViewControllerExtension.swift; sourceTree = "<group>"; };
		DFA601172CBA9631C0545B32 /* Adapty.podspec */ = {isa = PBXFileReference; includeInIndex = 1; lastKnownFileType = text; name = Adapty.podspec; path = ../Adapty.podspec; sourceTree = "<group>"; xcLanguageSpecificationIdentifier = xcode.lang.ruby; };
/* End PBXFileReference section */

/* Begin PBXFrameworksBuildPhase section */
		607FACCD1AFB9204008FA782 /* Frameworks */ = {
			isa = PBXFrameworksBuildPhase;
			buildActionMask = 2147483647;
			files = (
				9A0AF094E860226F6230BAA9 /* Pods_Adapty_Example.framework in Frameworks */,
				D613205023A385A900402998 /* StoreKit.framework in Frameworks */,
			);
			runOnlyForDeploymentPostprocessing = 0;
		};
		607FACE21AFB9204008FA782 /* Frameworks */ = {
			isa = PBXFrameworksBuildPhase;
			buildActionMask = 2147483647;
			files = (
				75E09E001FF56A10F9975314 /* Pods_Adapty_Tests.framework in Frameworks */,
			);
			runOnlyForDeploymentPostprocessing = 0;
		};
/* End PBXFrameworksBuildPhase section */

/* Begin PBXGroup section */
		607FACC71AFB9204008FA782 = {
			isa = PBXGroup;
			children = (
				607FACF51AFB993E008FA782 /* Podspec Metadata */,
				607FACD21AFB9204008FA782 /* Example for Adapty */,
				607FACE81AFB9204008FA782 /* Tests */,
				607FACD11AFB9204008FA782 /* Products */,
				DBD4353B259CF07237CD26E3 /* Pods */,
				D6793E0502AA6C43737D614F /* Frameworks */,
			);
			sourceTree = "<group>";
		};
		607FACD11AFB9204008FA782 /* Products */ = {
			isa = PBXGroup;
			children = (
				607FACD01AFB9204008FA782 /* Adapty_Example.app */,
				607FACE51AFB9204008FA782 /* Adapty_Tests.xctest */,
			);
			name = Products;
			sourceTree = "<group>";
		};
		607FACD21AFB9204008FA782 /* Example for Adapty */ = {
			isa = PBXGroup;
			children = (
				607FACD51AFB9204008FA782 /* AppDelegate.swift */,
				7452CD5F2912A80F00AC06FB /* AppDelegate+ThirdPartyLibs.swift */,
				741DF32A29015F5600ED221B /* AppConstants.swift */,
				7485FBFB28ABDD6900FFBEEB /* PurchasesObserver.swift */,
				7452CC5229113C4C00AC06FB /* Logs Controller */,
				7485FBF428ABCF3900FFBEEB /* Main Controller */,
				7485FBFD28ABF0A900FFBEEB /* Purchase Conroller */,
				7485FBF328ABCEE500FFBEEB /* Helpers */,
				607FACD91AFB9204008FA782 /* Main.storyboard */,
				607FACDC1AFB9204008FA782 /* Images.xcassets */,
				607FACDE1AFB9204008FA782 /* LaunchScreen.xib */,
				607FACD31AFB9204008FA782 /* Supporting Files */,
			);
			name = "Example for Adapty";
			path = Adapty;
			sourceTree = "<group>";
		};
		607FACD31AFB9204008FA782 /* Supporting Files */ = {
			isa = PBXGroup;
			children = (
				7452CD5C29127B9000AC06FB /* fallback_paywalls.json */,
				747DD7B7290E873A00326160 /* StoreKitConfiguration.storekit */,
				747DD7BA290E943F00326160 /* StoreKitTestCertificate.cer */,
				607FACD41AFB9204008FA782 /* Info.plist */,
			);
			name = "Supporting Files";
			sourceTree = "<group>";
		};
		607FACE81AFB9204008FA782 /* Tests */ = {
			isa = PBXGroup;
			children = (
				741DF2F728F5C2D500ED221B /* TestsConstants.swift */,
				741DF2FA28F5C37400ED221B /* AssertHelpers.swift */,
				747DD7B4290E827900326160 /* Purchasing */,
				A33B1BEE28F88F93004D748B /* Events */,
				741DF33D290168EA00ED221B /* Models */,
				741DF2F028F46EBC00ED221B /* Networking */,
				741DF31029003E5F00ED221B /* UpdateProfile */,
				607FACE91AFB9204008FA782 /* Supporting Files */,
			);
			path = Tests;
			sourceTree = "<group>";
		};
		607FACE91AFB9204008FA782 /* Supporting Files */ = {
			isa = PBXGroup;
			children = (
				607FACEA1AFB9204008FA782 /* Info.plist */,
			);
			name = "Supporting Files";
			sourceTree = "<group>";
		};
		607FACF51AFB993E008FA782 /* Podspec Metadata */ = {
			isa = PBXGroup;
			children = (
				4AE005B626BC7B3800FE4D12 /* Package.swift */,
				DFA601172CBA9631C0545B32 /* Adapty.podspec */,
				53AD3D6D363A126F96F974FE /* README.md */,
				B3A0F805975930A3344E36CB /* LICENSE */,
			);
			name = "Podspec Metadata";
			sourceTree = "<group>";
		};
		741DF2F028F46EBC00ED221B /* Networking */ = {
			isa = PBXGroup;
			children = (
				747DD7B1290C142400326160 /* Hash */,
				741DF2F328F480AE00ED221B /* NetworkingEncodingDecoding.swift */,
				741DF30228F5E26500ED221B /* Requests+Helper.swift */,
				741DF2FC28F5CFB500ED221B /* Requests+Kinesis.swift */,
				741DF2EE28F43BB900ED221B /* Requests+Profile.swift */,
				741DF2F528F5C1AB00ED221B /* Requests+SetEnabledAnalytics.swift */,
				741DF2FE28F5DE6000ED221B /* Requests+SetTransactionVariationId.swift */,
				741DF30028F5E1DA00ED221B /* Requests+FetchAllProducts.swift */,
				741DF30C28F98A2A00ED221B /* Requests+FetchAllProductVendorIds.swift */,
				741DF30428F6BE3A00ED221B /* Requests+FetchPaywall.swift */,
				741DF30628F6F24100ED221B /* Requests+SetAttribution.swift */,
				741DF30828F6F5E800ED221B /* Requests+SignSubscriptionOffer.swift */,
				741DF30A28F6F97B00ED221B /* Requests+ValidateReceipt.swift */,
			);
			path = Networking;
			sourceTree = "<group>";
		};
		741DF31029003E5F00ED221B /* UpdateProfile */ = {
			isa = PBXGroup;
			children = (
				741DF31129003E7A00ED221B /* ProfileParametersBuilderTests.swift */,
				745C92B3290AD8B600731AE4 /* UpdateAttributionTests.swift */,
			);
			path = UpdateProfile;
			sourceTree = "<group>";
		};
		741DF33D290168EA00ED221B /* Models */ = {
			isa = PBXGroup;
			children = (
				745C92712902A5DD00731AE4 /* Product */,
				745C92732902A5F500731AE4 /* Paywall */,
				745C928D290819D000731AE4 /* ProfileCodableTests */,
				745C929B29081C3B00731AE4 /* Fallback */,
			);
			path = Models;
			sourceTree = "<group>";
		};
		7452CC5229113C4C00AC06FB /* Logs Controller */ = {
			isa = PBXGroup;
			children = (
				7452CC5429113C4C00AC06FB /* LogsObserver.swift */,
				7452CC5529113C4C00AC06FB /* LogsController.swift */,
				7452CC5329113C4C00AC06FB /* LogsListView.swift */,
			);
			path = "Logs Controller";
			sourceTree = "<group>";
		};
		745C92712902A5DD00731AE4 /* Product */ = {
			isa = PBXGroup;
			children = (
				745C926C2902A53B00731AE4 /* product_ok.json */,
				745C92742902A62400731AE4 /* product_no_timestamp.json */,
				745C92762902A64400731AE4 /* product_no_title.json */,
				745C927D2902A66B00731AE4 /* product_no_id.json */,
				745C926F2902A5D300731AE4 /* Models+BackendProduct.swift */,
			);
			path = Product;
			sourceTree = "<group>";
		};
		745C92732902A5F500731AE4 /* Paywall */ = {
			isa = PBXGroup;
			children = (
				741DF34C29019DE300ED221B /* paywall_example.json */,
				745C92A5290824F900731AE4 /* paywall_no_timestamp.json */,
				745C929C2908223800731AE4 /* paywall_corrupted_payload.json */,
				745C929D2908223800731AE4 /* paywall_empty_products.json */,
				745C929E2908223800731AE4 /* paywall_no_products.json */,
				741DF34629019CD100ED221B /* Models+Paywall.swift */,
			);
			path = Paywall;
			sourceTree = "<group>";
		};
		745C928D290819D000731AE4 /* ProfileCodableTests */ = {
			isa = PBXGroup;
			children = (
				745C92A82908370600731AE4 /* profile_custom_attributes.json */,
				745C92A92908370600731AE4 /* profile_empty.json */,
				745C92AA2908370600731AE4 /* profile_full.json */,
				745C9290290819D000731AE4 /* Models+Profile.swift */,
			);
			path = ProfileCodableTests;
			sourceTree = "<group>";
		};
		745C929B29081C3B00731AE4 /* Fallback */ = {
			isa = PBXGroup;
			children = (
				741DF34329019AF300ED221B /* fallback_example.json */,
				741DF31729005BFE00ED221B /* Models+Fallback.swift */,
			);
			path = Fallback;
			sourceTree = "<group>";
		};
		747DD7B1290C142400326160 /* Hash */ = {
			isa = PBXGroup;
			children = (
				747DD7B2290C143600326160 /* Requests+Hash.swift */,
			);
			path = Hash;
			sourceTree = "<group>";
		};
		747DD7B4290E827900326160 /* Purchasing */ = {
			isa = PBXGroup;
			children = (
				747DD7C42910344E00326160 /* ProductTypealias.swift */,
				747DD7B5290E828F00326160 /* ProductsManagerTests.swift */,
				747DD7BC290E967C00326160 /* ReceiptManagerTests.swift */,
				747DD7C2290FCF3D00326160 /* QueueManagerTests.swift */,
			);
			path = Purchasing;
			sourceTree = "<group>";
		};
		7485FBF328ABCEE500FFBEEB /* Helpers */ = {
			isa = PBXGroup;
			children = (
				741DF32C29015F7200ED221B /* UIViewController+SwiftUI.swift */,
				D6F8D53D23BFBE4A00CB719A /* UIViewControllerExtension.swift */,
				7485FC0628ACD8EA00FFBEEB /* UIColorExtensions.swift */,
				7485FC1528ACF23100FFBEEB /* AdaptyModelsExtensions.swift */,
			);
			path = Helpers;
			sourceTree = "<group>";
		};
		7485FBF428ABCF3900FFBEEB /* Main Controller */ = {
			isa = PBXGroup;
			children = (
				7485FBF728ABCF5100FFBEEB /* MainPresenter.swift */,
				7485FBF528ABCF4A00FFBEEB /* MainController.swift */,
				741DF32E29015F8000ED221B /* MainControllerView.swift */,
			);
			path = "Main Controller";
			sourceTree = "<group>";
		};
		7485FBFD28ABF0A900FFBEEB /* Purchase Conroller */ = {
			isa = PBXGroup;
			children = (
				7485FC0E28ACF12900FFBEEB /* Buttons */,
				7485FC0828ACDB0200FFBEEB /* PurchaseConfiguration.swift */,
				7485FC0028ABF13100FFBEEB /* PurchasePresenter.swift */,
				7485FBFE28ABF11600FFBEEB /* PurchaseController.swift */,
			);
			path = "Purchase Conroller";
			sourceTree = "<group>";
		};
		7485FC0E28ACF12900FFBEEB /* Buttons */ = {
			isa = PBXGroup;
			children = (
				7485FC1328ACF1D300FFBEEB /* IPurchaseButton.swift */,
				7485FC0428ACD4A800FFBEEB /* PurchaseWideButton.swift */,
				7485FC0228ACD45700FFBEEB /* PurchaseWideButton.xib */,
				7485FC0F28ACF14600FFBEEB /* PurchaseTallButton.swift */,
				7485FC1128ACF14F00FFBEEB /* PurchaseTallButton.xib */,
			);
			path = Buttons;
			sourceTree = "<group>";
		};
		A33B1BEE28F88F93004D748B /* Events */ = {
			isa = PBXGroup;
			children = (
				A33B1BEF28F88FB9004D748B /* EventCollectionTests.swift */,
				741DF30E29002D1700ED221B /* EventsManagerTests.swift */,
				A38B25B529030888000A61B3 /* EventsStorage.swift */,
			);
			path = Events;
			sourceTree = "<group>";
		};
		D6793E0502AA6C43737D614F /* Frameworks */ = {
			isa = PBXGroup;
			children = (
				D613204F23A385A900402998 /* StoreKit.framework */,
				BAE9CF399A8493F9C5027242 /* Pods_Adapty_Example.framework */,
				6933B2657041857BD974C893 /* Pods_Adapty_Tests.framework */,
			);
			name = Frameworks;
			sourceTree = "<group>";
		};
		DBD4353B259CF07237CD26E3 /* Pods */ = {
			isa = PBXGroup;
			children = (
				8049AD70F15878396F72026E /* Pods-Adapty_Example.debug.xcconfig */,
				588DF37E8E29D1227EDF23E6 /* Pods-Adapty_Example.release.xcconfig */,
				72E1331FC8AE46397495452B /* Pods-Adapty_Tests.debug.xcconfig */,
				0B77B02FCC407C887AADA018 /* Pods-Adapty_Tests.release.xcconfig */,
			);
			path = Pods;
			sourceTree = "<group>";
		};
/* End PBXGroup section */

/* Begin PBXNativeTarget section */
		607FACCF1AFB9204008FA782 /* Adapty_Example */ = {
			isa = PBXNativeTarget;
			buildConfigurationList = 607FACEF1AFB9204008FA782 /* Build configuration list for PBXNativeTarget "Adapty_Example" */;
			buildPhases = (
				75AD59D7734A8322CB4D91D0 /* [CP] Check Pods Manifest.lock */,
				607FACCC1AFB9204008FA782 /* Sources */,
				607FACCD1AFB9204008FA782 /* Frameworks */,
				607FACCE1AFB9204008FA782 /* Resources */,
				260297DF99FE4B566B302F58 /* [CP] Embed Pods Frameworks */,
			);
			buildRules = (
			);
			dependencies = (
			);
			name = Adapty_Example;
			productName = Adapty;
			productReference = 607FACD01AFB9204008FA782 /* Adapty_Example.app */;
			productType = "com.apple.product-type.application";
		};
		607FACE41AFB9204008FA782 /* Adapty_Tests */ = {
			isa = PBXNativeTarget;
			buildConfigurationList = 607FACF21AFB9204008FA782 /* Build configuration list for PBXNativeTarget "Adapty_Tests" */;
			buildPhases = (
				D3ADBA4FD48E29241F03C0F5 /* [CP] Check Pods Manifest.lock */,
				607FACE11AFB9204008FA782 /* Sources */,
				607FACE21AFB9204008FA782 /* Frameworks */,
				607FACE31AFB9204008FA782 /* Resources */,
				78CD3C53374DCE5B9A7975E3 /* [CP] Embed Pods Frameworks */,
			);
			buildRules = (
			);
			dependencies = (
				607FACE71AFB9204008FA782 /* PBXTargetDependency */,
			);
			name = Adapty_Tests;
			productName = Tests;
			productReference = 607FACE51AFB9204008FA782 /* Adapty_Tests.xctest */;
			productType = "com.apple.product-type.bundle.unit-test";
		};
/* End PBXNativeTarget section */

/* Begin PBXProject section */
		607FACC81AFB9204008FA782 /* Project object */ = {
			isa = PBXProject;
			attributes = {
				LastSwiftUpdateCheck = 0830;
				LastUpgradeCheck = 1120;
				ORGANIZATIONNAME = Adapty;
				TargetAttributes = {
					607FACCF1AFB9204008FA782 = {
						CreatedOnToolsVersion = 6.3.1;
						LastSwiftMigration = 1120;
					};
					607FACE41AFB9204008FA782 = {
						CreatedOnToolsVersion = 6.3.1;
						LastSwiftMigration = 1120;
						TestTargetID = 607FACCF1AFB9204008FA782;
					};
				};
			};
			buildConfigurationList = 607FACCB1AFB9204008FA782 /* Build configuration list for PBXProject "Adapty" */;
			compatibilityVersion = "Xcode 3.2";
			developmentRegion = English;
			hasScannedForEncodings = 0;
			knownRegions = (
				English,
				en,
				Base,
			);
			mainGroup = 607FACC71AFB9204008FA782;
			productRefGroup = 607FACD11AFB9204008FA782 /* Products */;
			projectDirPath = "";
			projectRoot = "";
			targets = (
				607FACCF1AFB9204008FA782 /* Adapty_Example */,
				607FACE41AFB9204008FA782 /* Adapty_Tests */,
			);
		};
/* End PBXProject section */

/* Begin PBXResourcesBuildPhase section */
		607FACCE1AFB9204008FA782 /* Resources */ = {
			isa = PBXResourcesBuildPhase;
			buildActionMask = 2147483647;
			files = (
				745C92B02908371100731AE4 /* profile_full.json in Resources */,
				745C927A2902A65100731AE4 /* product_no_title.json in Resources */,
				741DF34529019B6400ED221B /* fallback_example.json in Resources */,
				745C927F2902A72A00731AE4 /* product_no_id.json in Resources */,
				745C927B2902A65100731AE4 /* product_no_timestamp.json in Resources */,
				745C92A7290824FC00731AE4 /* paywall_no_timestamp.json in Resources */,
				7452CD5D29127B9500AC06FB /* fallback_paywalls.json in Resources */,
				607FACDB1AFB9204008FA782 /* Main.storyboard in Resources */,
				745C92AF2908371100731AE4 /* profile_empty.json in Resources */,
				745C92A32908223D00731AE4 /* paywall_corrupted_payload.json in Resources */,
				745C92AE2908371100731AE4 /* profile_custom_attributes.json in Resources */,
				7485FC1228ACF14F00FFBEEB /* PurchaseTallButton.xib in Resources */,
				745C927C2902A65100731AE4 /* product_ok.json in Resources */,
				745C92A22908223D00731AE4 /* paywall_no_products.json in Resources */,
				607FACE01AFB9204008FA782 /* LaunchScreen.xib in Resources */,
				7485FC0328ACD45700FFBEEB /* PurchaseWideButton.xib in Resources */,
				747DD7BB290E943F00326160 /* StoreKitTestCertificate.cer in Resources */,
				747DD7B8290E875100326160 /* StoreKitConfiguration.storekit in Resources */,
				607FACDD1AFB9204008FA782 /* Images.xcassets in Resources */,
				745C92A42908223D00731AE4 /* paywall_empty_products.json in Resources */,
				741DF34E29019DFD00ED221B /* paywall_example.json in Resources */,
			);
			runOnlyForDeploymentPostprocessing = 0;
		};
		607FACE31AFB9204008FA782 /* Resources */ = {
			isa = PBXResourcesBuildPhase;
			buildActionMask = 2147483647;
			files = (
				741DF34D29019DE300ED221B /* paywall_example.json in Resources */,
				745C92A12908223800731AE4 /* paywall_no_products.json in Resources */,
				745C92A02908223800731AE4 /* paywall_empty_products.json in Resources */,
				745C929F2908223800731AE4 /* paywall_corrupted_payload.json in Resources */,
				745C92AC2908370600731AE4 /* profile_empty.json in Resources */,
				745C92752902A62400731AE4 /* product_no_timestamp.json in Resources */,
				745C92AD2908370600731AE4 /* profile_full.json in Resources */,
				745C92A6290824F900731AE4 /* paywall_no_timestamp.json in Resources */,
				745C927E2902A66B00731AE4 /* product_no_id.json in Resources */,
				745C926D2902A53B00731AE4 /* product_ok.json in Resources */,
				747DD7B9290E875100326160 /* StoreKitConfiguration.storekit in Resources */,
				745C92772902A64400731AE4 /* product_no_title.json in Resources */,
				7452CD5E29127B9500AC06FB /* fallback_paywalls.json in Resources */,
				741DF34429019AF400ED221B /* fallback_example.json in Resources */,
				745C92AB2908370600731AE4 /* profile_custom_attributes.json in Resources */,
			);
			runOnlyForDeploymentPostprocessing = 0;
		};
/* End PBXResourcesBuildPhase section */

/* Begin PBXShellScriptBuildPhase section */
		260297DF99FE4B566B302F58 /* [CP] Embed Pods Frameworks */ = {
			isa = PBXShellScriptBuildPhase;
			buildActionMask = 2147483647;
			files = (
			);
			inputPaths = (
				"${PODS_ROOT}/Target Support Files/Pods-Adapty_Example/Pods-Adapty_Example-frameworks.sh",
				"${BUILT_PRODUCTS_DIR}/Adapty/Adapty.framework",
				"${BUILT_PRODUCTS_DIR}/Adjust/Adjust.framework",
				"${BUILT_PRODUCTS_DIR}/Branch/Branch.framework",
			);
			name = "[CP] Embed Pods Frameworks";
			outputPaths = (
				"${TARGET_BUILD_DIR}/${FRAMEWORKS_FOLDER_PATH}/Adapty.framework",
				"${TARGET_BUILD_DIR}/${FRAMEWORKS_FOLDER_PATH}/Adjust.framework",
				"${TARGET_BUILD_DIR}/${FRAMEWORKS_FOLDER_PATH}/Branch.framework",
			);
			runOnlyForDeploymentPostprocessing = 0;
			shellPath = /bin/sh;
			shellScript = "\"${PODS_ROOT}/Target Support Files/Pods-Adapty_Example/Pods-Adapty_Example-frameworks.sh\"\n";
			showEnvVarsInLog = 0;
		};
		75AD59D7734A8322CB4D91D0 /* [CP] Check Pods Manifest.lock */ = {
			isa = PBXShellScriptBuildPhase;
			buildActionMask = 2147483647;
			files = (
			);
			inputFileListPaths = (
			);
			inputPaths = (
				"${PODS_PODFILE_DIR_PATH}/Podfile.lock",
				"${PODS_ROOT}/Manifest.lock",
			);
			name = "[CP] Check Pods Manifest.lock";
			outputFileListPaths = (
			);
			outputPaths = (
				"$(DERIVED_FILE_DIR)/Pods-Adapty_Example-checkManifestLockResult.txt",
			);
			runOnlyForDeploymentPostprocessing = 0;
			shellPath = /bin/sh;
			shellScript = "diff \"${PODS_PODFILE_DIR_PATH}/Podfile.lock\" \"${PODS_ROOT}/Manifest.lock\" > /dev/null\nif [ $? != 0 ] ; then\n    # print error to STDERR\n    echo \"error: The sandbox is not in sync with the Podfile.lock. Run 'pod install' or update your CocoaPods installation.\" >&2\n    exit 1\nfi\n# This output is used by Xcode 'outputs' to avoid re-running this script phase.\necho \"SUCCESS\" > \"${SCRIPT_OUTPUT_FILE_0}\"\n";
			showEnvVarsInLog = 0;
		};
		78CD3C53374DCE5B9A7975E3 /* [CP] Embed Pods Frameworks */ = {
			isa = PBXShellScriptBuildPhase;
			buildActionMask = 2147483647;
			files = (
			);
			inputPaths = (
				"${PODS_ROOT}/Target Support Files/Pods-Adapty_Tests/Pods-Adapty_Tests-frameworks.sh",
				"${BUILT_PRODUCTS_DIR}/Nimble/Nimble.framework",
			);
			name = "[CP] Embed Pods Frameworks";
			outputPaths = (
				"${TARGET_BUILD_DIR}/${FRAMEWORKS_FOLDER_PATH}/Nimble.framework",
			);
			runOnlyForDeploymentPostprocessing = 0;
			shellPath = /bin/sh;
			shellScript = "\"${PODS_ROOT}/Target Support Files/Pods-Adapty_Tests/Pods-Adapty_Tests-frameworks.sh\"\n";
			showEnvVarsInLog = 0;
		};
		D3ADBA4FD48E29241F03C0F5 /* [CP] Check Pods Manifest.lock */ = {
			isa = PBXShellScriptBuildPhase;
			buildActionMask = 2147483647;
			files = (
			);
			inputFileListPaths = (
			);
			inputPaths = (
				"${PODS_PODFILE_DIR_PATH}/Podfile.lock",
				"${PODS_ROOT}/Manifest.lock",
			);
			name = "[CP] Check Pods Manifest.lock";
			outputFileListPaths = (
			);
			outputPaths = (
				"$(DERIVED_FILE_DIR)/Pods-Adapty_Tests-checkManifestLockResult.txt",
			);
			runOnlyForDeploymentPostprocessing = 0;
			shellPath = /bin/sh;
			shellScript = "diff \"${PODS_PODFILE_DIR_PATH}/Podfile.lock\" \"${PODS_ROOT}/Manifest.lock\" > /dev/null\nif [ $? != 0 ] ; then\n    # print error to STDERR\n    echo \"error: The sandbox is not in sync with the Podfile.lock. Run 'pod install' or update your CocoaPods installation.\" >&2\n    exit 1\nfi\n# This output is used by Xcode 'outputs' to avoid re-running this script phase.\necho \"SUCCESS\" > \"${SCRIPT_OUTPUT_FILE_0}\"\n";
			showEnvVarsInLog = 0;
		};
/* End PBXShellScriptBuildPhase section */

/* Begin PBXSourcesBuildPhase section */
		607FACCC1AFB9204008FA782 /* Sources */ = {
			isa = PBXSourcesBuildPhase;
			buildActionMask = 2147483647;
			files = (
				7485FC0128ABF13100FFBEEB /* PurchasePresenter.swift in Sources */,
				D6F8D53E23BFBE4A00CB719A /* UIViewControllerExtension.swift in Sources */,
				7452CD602912A80F00AC06FB /* AppDelegate+ThirdPartyLibs.swift in Sources */,
				741DF32F29015F8000ED221B /* MainControllerView.swift in Sources */,
				7485FBFC28ABDD6900FFBEEB /* PurchasesObserver.swift in Sources */,
				7452CC5829113C4C00AC06FB /* LogsController.swift in Sources */,
				7485FC1628ACF23100FFBEEB /* AdaptyModelsExtensions.swift in Sources */,
				741DF32B29015F5700ED221B /* AppConstants.swift in Sources */,
				7485FBF628ABCF4A00FFBEEB /* MainController.swift in Sources */,
				7485FBF828ABCF5100FFBEEB /* MainPresenter.swift in Sources */,
				7485FC0928ACDB0200FFBEEB /* PurchaseConfiguration.swift in Sources */,
				7452CC5629113C4C00AC06FB /* LogsListView.swift in Sources */,
				7452CC5729113C4C00AC06FB /* LogsObserver.swift in Sources */,
				7485FC0728ACD8EA00FFBEEB /* UIColorExtensions.swift in Sources */,
				607FACD61AFB9204008FA782 /* AppDelegate.swift in Sources */,
				7485FC1028ACF14600FFBEEB /* PurchaseTallButton.swift in Sources */,
				741DF32D29015F7200ED221B /* UIViewController+SwiftUI.swift in Sources */,
				7485FBFF28ABF11600FFBEEB /* PurchaseController.swift in Sources */,
				7485FC1428ACF1D300FFBEEB /* IPurchaseButton.swift in Sources */,
				7485FC0528ACD4A800FFBEEB /* PurchaseWideButton.swift in Sources */,
			);
			runOnlyForDeploymentPostprocessing = 0;
		};
		607FACE11AFB9204008FA782 /* Sources */ = {
			isa = PBXSourcesBuildPhase;
			buildActionMask = 2147483647;
			files = (
				741DF30D28F98A2B00ED221B /* Requests+FetchAllProductVendorIds.swift in Sources */,
				747DD7B6290E828F00326160 /* ProductsManagerTests.swift in Sources */,
				741DF30528F6BE3A00ED221B /* Requests+FetchPaywall.swift in Sources */,
				745C9294290819D000731AE4 /* Models+Profile.swift in Sources */,
				741DF2F428F480AE00ED221B /* NetworkingEncodingDecoding.swift in Sources */,
				741DF30F29002D1700ED221B /* EventsManagerTests.swift in Sources */,
				741DF2FD28F5CFB500ED221B /* Requests+Kinesis.swift in Sources */,
				A33B1BF028F88FB9004D748B /* EventCollectionTests.swift in Sources */,
				747DD7C52910344E00326160 /* ProductTypealias.swift in Sources */,
				741DF31229003E7A00ED221B /* ProfileParametersBuilderTests.swift in Sources */,
				747DD7BD290E967C00326160 /* ReceiptManagerTests.swift in Sources */,
				741DF2F628F5C1AB00ED221B /* Requests+SetEnabledAnalytics.swift in Sources */,
				747DD7B3290C143600326160 /* Requests+Hash.swift in Sources */,
				741DF2FF28F5DE6000ED221B /* Requests+SetTransactionVariationId.swift in Sources */,
				741DF30B28F6F97B00ED221B /* Requests+ValidateReceipt.swift in Sources */,
				741DF2FB28F5C37400ED221B /* AssertHelpers.swift in Sources */,
				A38B25B629030888000A61B3 /* EventsStorage.swift in Sources */,
				741DF30928F6F5E800ED221B /* Requests+SignSubscriptionOffer.swift in Sources */,
				745C92702902A5D300731AE4 /* Models+BackendProduct.swift in Sources */,
				741DF30328F5E26500ED221B /* Requests+Helper.swift in Sources */,
				741DF30728F6F24100ED221B /* Requests+SetAttribution.swift in Sources */,
				741DF31829005BFE00ED221B /* Models+Fallback.swift in Sources */,
				741DF2F828F5C2D500ED221B /* TestsConstants.swift in Sources */,
				745C92B5290ADA4900731AE4 /* AppConstants.swift in Sources */,
				741DF30128F5E1DA00ED221B /* Requests+FetchAllProducts.swift in Sources */,
				745C92B4290AD8B600731AE4 /* UpdateAttributionTests.swift in Sources */,
				747DD7C3290FCF3D00326160 /* QueueManagerTests.swift in Sources */,
				741DF34729019CD100ED221B /* Models+Paywall.swift in Sources */,
				741DF2EF28F43BB900ED221B /* Requests+Profile.swift in Sources */,
			);
			runOnlyForDeploymentPostprocessing = 0;
		};
/* End PBXSourcesBuildPhase section */

/* Begin PBXTargetDependency section */
		607FACE71AFB9204008FA782 /* PBXTargetDependency */ = {
			isa = PBXTargetDependency;
			target = 607FACCF1AFB9204008FA782 /* Adapty_Example */;
			targetProxy = 607FACE61AFB9204008FA782 /* PBXContainerItemProxy */;
		};
/* End PBXTargetDependency section */

/* Begin PBXVariantGroup section */
		607FACD91AFB9204008FA782 /* Main.storyboard */ = {
			isa = PBXVariantGroup;
			children = (
				607FACDA1AFB9204008FA782 /* Base */,
			);
			name = Main.storyboard;
			sourceTree = "<group>";
		};
		607FACDE1AFB9204008FA782 /* LaunchScreen.xib */ = {
			isa = PBXVariantGroup;
			children = (
				607FACDF1AFB9204008FA782 /* Base */,
			);
			name = LaunchScreen.xib;
			sourceTree = "<group>";
		};
/* End PBXVariantGroup section */

/* Begin XCBuildConfiguration section */
		607FACED1AFB9204008FA782 /* Debug */ = {
			isa = XCBuildConfiguration;
			buildSettings = {
				ALWAYS_SEARCH_USER_PATHS = NO;
				CLANG_ANALYZER_LOCALIZABILITY_NONLOCALIZED = YES;
				CLANG_CXX_LANGUAGE_STANDARD = "gnu++0x";
				CLANG_CXX_LIBRARY = "libc++";
				CLANG_ENABLE_MODULES = YES;
				CLANG_ENABLE_OBJC_ARC = YES;
				CLANG_WARN_BLOCK_CAPTURE_AUTORELEASING = YES;
				CLANG_WARN_BOOL_CONVERSION = YES;
				CLANG_WARN_COMMA = YES;
				CLANG_WARN_CONSTANT_CONVERSION = YES;
				CLANG_WARN_DEPRECATED_OBJC_IMPLEMENTATIONS = YES;
				CLANG_WARN_DIRECT_OBJC_ISA_USAGE = YES_ERROR;
				CLANG_WARN_EMPTY_BODY = YES;
				CLANG_WARN_ENUM_CONVERSION = YES;
				CLANG_WARN_INFINITE_RECURSION = YES;
				CLANG_WARN_INT_CONVERSION = YES;
				CLANG_WARN_NON_LITERAL_NULL_CONVERSION = YES;
				CLANG_WARN_OBJC_IMPLICIT_RETAIN_SELF = YES;
				CLANG_WARN_OBJC_LITERAL_CONVERSION = YES;
				CLANG_WARN_OBJC_ROOT_CLASS = YES_ERROR;
				CLANG_WARN_RANGE_LOOP_ANALYSIS = YES;
				CLANG_WARN_STRICT_PROTOTYPES = YES;
				CLANG_WARN_SUSPICIOUS_MOVE = YES;
				CLANG_WARN_UNREACHABLE_CODE = YES;
				CLANG_WARN__DUPLICATE_METHOD_MATCH = YES;
				"CODE_SIGN_IDENTITY[sdk=iphoneos*]" = "iPhone Developer";
				COPY_PHASE_STRIP = NO;
				DEBUG_INFORMATION_FORMAT = "dwarf-with-dsym";
				ENABLE_STRICT_OBJC_MSGSEND = YES;
				ENABLE_TESTABILITY = YES;
				GCC_C_LANGUAGE_STANDARD = gnu99;
				GCC_DYNAMIC_NO_PIC = NO;
				GCC_NO_COMMON_BLOCKS = YES;
				GCC_OPTIMIZATION_LEVEL = 0;
				GCC_PREPROCESSOR_DEFINITIONS = (
					"DEBUG=1",
					"$(inherited)",
				);
				GCC_SYMBOLS_PRIVATE_EXTERN = NO;
				GCC_WARN_64_TO_32_BIT_CONVERSION = YES;
				GCC_WARN_ABOUT_RETURN_TYPE = YES_ERROR;
				GCC_WARN_UNDECLARED_SELECTOR = YES;
				GCC_WARN_UNINITIALIZED_AUTOS = YES_AGGRESSIVE;
				GCC_WARN_UNUSED_FUNCTION = YES;
				GCC_WARN_UNUSED_VARIABLE = YES;
				IPHONEOS_DEPLOYMENT_TARGET = 12.0;
				MTL_ENABLE_DEBUG_INFO = YES;
				ONLY_ACTIVE_ARCH = YES;
				SDKROOT = iphoneos;
				SWIFT_OPTIMIZATION_LEVEL = "-Onone";
			};
			name = Debug;
		};
		607FACEE1AFB9204008FA782 /* Release */ = {
			isa = XCBuildConfiguration;
			buildSettings = {
				ALWAYS_SEARCH_USER_PATHS = NO;
				CLANG_ANALYZER_LOCALIZABILITY_NONLOCALIZED = YES;
				CLANG_CXX_LANGUAGE_STANDARD = "gnu++0x";
				CLANG_CXX_LIBRARY = "libc++";
				CLANG_ENABLE_MODULES = YES;
				CLANG_ENABLE_OBJC_ARC = YES;
				CLANG_WARN_BLOCK_CAPTURE_AUTORELEASING = YES;
				CLANG_WARN_BOOL_CONVERSION = YES;
				CLANG_WARN_COMMA = YES;
				CLANG_WARN_CONSTANT_CONVERSION = YES;
				CLANG_WARN_DEPRECATED_OBJC_IMPLEMENTATIONS = YES;
				CLANG_WARN_DIRECT_OBJC_ISA_USAGE = YES_ERROR;
				CLANG_WARN_EMPTY_BODY = YES;
				CLANG_WARN_ENUM_CONVERSION = YES;
				CLANG_WARN_INFINITE_RECURSION = YES;
				CLANG_WARN_INT_CONVERSION = YES;
				CLANG_WARN_NON_LITERAL_NULL_CONVERSION = YES;
				CLANG_WARN_OBJC_IMPLICIT_RETAIN_SELF = YES;
				CLANG_WARN_OBJC_LITERAL_CONVERSION = YES;
				CLANG_WARN_OBJC_ROOT_CLASS = YES_ERROR;
				CLANG_WARN_RANGE_LOOP_ANALYSIS = YES;
				CLANG_WARN_STRICT_PROTOTYPES = YES;
				CLANG_WARN_SUSPICIOUS_MOVE = YES;
				CLANG_WARN_UNREACHABLE_CODE = YES;
				CLANG_WARN__DUPLICATE_METHOD_MATCH = YES;
				"CODE_SIGN_IDENTITY[sdk=iphoneos*]" = "iPhone Developer";
				COPY_PHASE_STRIP = NO;
				DEBUG_INFORMATION_FORMAT = "dwarf-with-dsym";
				ENABLE_NS_ASSERTIONS = NO;
				ENABLE_STRICT_OBJC_MSGSEND = YES;
				GCC_C_LANGUAGE_STANDARD = gnu99;
				GCC_NO_COMMON_BLOCKS = YES;
				GCC_WARN_64_TO_32_BIT_CONVERSION = YES;
				GCC_WARN_ABOUT_RETURN_TYPE = YES_ERROR;
				GCC_WARN_UNDECLARED_SELECTOR = YES;
				GCC_WARN_UNINITIALIZED_AUTOS = YES_AGGRESSIVE;
				GCC_WARN_UNUSED_FUNCTION = YES;
				GCC_WARN_UNUSED_VARIABLE = YES;
				IPHONEOS_DEPLOYMENT_TARGET = 12.0;
				MTL_ENABLE_DEBUG_INFO = NO;
				SDKROOT = iphoneos;
				SWIFT_OPTIMIZATION_LEVEL = "-Owholemodule";
				VALIDATE_PRODUCT = YES;
			};
			name = Release;
		};
		607FACF01AFB9204008FA782 /* Debug */ = {
			isa = XCBuildConfiguration;
			baseConfigurationReference = 8049AD70F15878396F72026E /* Pods-Adapty_Example.debug.xcconfig */;
			buildSettings = {
				ASSETCATALOG_COMPILER_APPICON_NAME = AppIcon;
				CURRENT_PROJECT_VERSION = 1;
				DEVELOPMENT_TEAM = "";
				INFOPLIST_FILE = Adapty/Info.plist;
				IPHONEOS_DEPLOYMENT_TARGET = 15.0;
				LD_RUNPATH_SEARCH_PATHS = "$(inherited) @executable_path/Frameworks";
				MARKETING_VERSION = 2.0;
				MODULE_NAME = ExampleApp;
				PRODUCT_BUNDLE_IDENTIFIER = com.adapty.example;
				PRODUCT_NAME = "$(TARGET_NAME)";
				SWIFT_SWIFT3_OBJC_INFERENCE = Default;
				SWIFT_VERSION = 5.0;
			};
			name = Debug;
		};
		607FACF11AFB9204008FA782 /* Release */ = {
			isa = XCBuildConfiguration;
			baseConfigurationReference = 588DF37E8E29D1227EDF23E6 /* Pods-Adapty_Example.release.xcconfig */;
			buildSettings = {
				ASSETCATALOG_COMPILER_APPICON_NAME = AppIcon;
				CURRENT_PROJECT_VERSION = 1;
				DEVELOPMENT_TEAM = "";
				INFOPLIST_FILE = Adapty/Info.plist;
				IPHONEOS_DEPLOYMENT_TARGET = 15.0;
				LD_RUNPATH_SEARCH_PATHS = "$(inherited) @executable_path/Frameworks";
				MARKETING_VERSION = 2.0;
				MODULE_NAME = ExampleApp;
				PRODUCT_BUNDLE_IDENTIFIER = com.adapty.example;
				PRODUCT_NAME = "$(TARGET_NAME)";
				SWIFT_SWIFT3_OBJC_INFERENCE = Default;
				SWIFT_VERSION = 5.0;
			};
			name = Release;
		};
		607FACF31AFB9204008FA782 /* Debug */ = {
			isa = XCBuildConfiguration;
			baseConfigurationReference = 72E1331FC8AE46397495452B /* Pods-Adapty_Tests.debug.xcconfig */;
			buildSettings = {
				DEVELOPMENT_TEAM = "";
				FRAMEWORK_SEARCH_PATHS = (
					"$(PLATFORM_DIR)/Developer/Library/Frameworks",
					"$(inherited)",
				);
				GCC_PREPROCESSOR_DEFINITIONS = (
					"DEBUG=1",
					"$(inherited)",
				);
				INFOPLIST_FILE = Tests/Info.plist;
				IPHONEOS_DEPLOYMENT_TARGET = 15.0;
				LD_RUNPATH_SEARCH_PATHS = "$(inherited) @executable_path/Frameworks @loader_path/Frameworks";
				PRODUCT_BUNDLE_IDENTIFIER = com.adapty.example.tests;
				PRODUCT_NAME = "$(TARGET_NAME)";
				SWIFT_SWIFT3_OBJC_INFERENCE = Default;
				SWIFT_VERSION = 5.0;
				TEST_HOST = "$(BUILT_PRODUCTS_DIR)/Adapty_Example.app/Adapty_Example";
			};
			name = Debug;
		};
		607FACF41AFB9204008FA782 /* Release */ = {
			isa = XCBuildConfiguration;
			baseConfigurationReference = 0B77B02FCC407C887AADA018 /* Pods-Adapty_Tests.release.xcconfig */;
			buildSettings = {
				DEVELOPMENT_TEAM = "";
				FRAMEWORK_SEARCH_PATHS = (
					"$(PLATFORM_DIR)/Developer/Library/Frameworks",
					"$(inherited)",
				);
				INFOPLIST_FILE = Tests/Info.plist;
				IPHONEOS_DEPLOYMENT_TARGET = 15.0;
				LD_RUNPATH_SEARCH_PATHS = "$(inherited) @executable_path/Frameworks @loader_path/Frameworks";
				PRODUCT_BUNDLE_IDENTIFIER = com.adapty.example.tests;
				PRODUCT_NAME = "$(TARGET_NAME)";
				SWIFT_SWIFT3_OBJC_INFERENCE = Default;
				SWIFT_VERSION = 5.0;
				TEST_HOST = "$(BUILT_PRODUCTS_DIR)/Adapty_Example.app/Adapty_Example";
			};
			name = Release;
		};
/* End XCBuildConfiguration section */

/* Begin XCConfigurationList section */
		607FACCB1AFB9204008FA782 /* Build configuration list for PBXProject "Adapty" */ = {
			isa = XCConfigurationList;
			buildConfigurations = (
				607FACED1AFB9204008FA782 /* Debug */,
				607FACEE1AFB9204008FA782 /* Release */,
			);
			defaultConfigurationIsVisible = 0;
			defaultConfigurationName = Release;
		};
		607FACEF1AFB9204008FA782 /* Build configuration list for PBXNativeTarget "Adapty_Example" */ = {
			isa = XCConfigurationList;
			buildConfigurations = (
				607FACF01AFB9204008FA782 /* Debug */,
				607FACF11AFB9204008FA782 /* Release */,
			);
			defaultConfigurationIsVisible = 0;
			defaultConfigurationName = Release;
		};
		607FACF21AFB9204008FA782 /* Build configuration list for PBXNativeTarget "Adapty_Tests" */ = {
			isa = XCConfigurationList;
			buildConfigurations = (
				607FACF31AFB9204008FA782 /* Debug */,
				607FACF41AFB9204008FA782 /* Release */,
			);
			defaultConfigurationIsVisible = 0;
			defaultConfigurationName = Release;
		};
/* End XCConfigurationList section */
	};
	rootObject = 607FACC81AFB9204008FA782 /* Project object */;
}
