PODS:
  - Adapty (2.0.2)
  - Adjust (4.29.6):
    - Adjust/Core (= 4.29.6)
  - Adjust/Core (4.29.6)
  - AppsFlyerFramework (6.6.0):
    - AppsFlyerFramework/Main (= 6.6.0)
  - AppsFlyerFramework/Main (6.6.0)
  - Branch (1.44.0)
  - Nimble (9.2.1)

DEPENDENCIES:
  - Adapty (from `../../`)
  - Adjust (~> 4.29.6)
  - AppsFlyerFramework (~> 6.6.0)
  - Branch
  - Nimble

SPEC REPOS:
  trunk:
    - Adjust
    - AppsFlyerFramework
    - Branch
    - Nimble

EXTERNAL SOURCES:
  Adapty:
    :path: "../../"

SPEC CHECKSUMS:
  Adapty: 2b3323dd0e7e893348a0e96c1a689f139d6a2fa3
  Adjust: 94f1c99429fb2a7ebe530294fd66a88d63a54922
  AppsFlyerFramework: 55821f40c687dc7a683835eeb821994cef437807
  Branch: 7ef075130253915439cec12fa99027f587a72d00
  Nimble: e7e615c0335ee4bf5b0d786685451e62746117d5

PODFILE CHECKSUM: 35f6fb17b577c20ae0db0044e3f3c745fff40e48

COCOAPODS: 1.11.3
