PODS:
  - Adapty (3.8.0)
  - AdaptyUI (3.8.0):
    - Adapty (= 3.8.0)

DEPENDENCIES:
  - Adapty (from `../../`)
  - AdaptyUI (from `../../`)

EXTERNAL SOURCES:
  Adapty:
    :path: "../../"
  AdaptyUI:
    :path: "../../"

SPEC CHECKSUMS:
  Adapty: b193da865040da00c9ba79826fdb1e3bf644c085
  AdaptyUI: ebf65e34e5f4fe0844267c88a82fb1178a3a1088

PODFILE CHECKSUM: 96066f525b00e06d14d7c1c98f8d36526a8f851a

COCOAPODS: 1.16.2
