PODS:
  - Adapty (3.8.0-SNAPSHOT)
  - AdaptyUI (3.8.0-SNAPSHOT):
    - Adapty (= 3.8.0-SNAPSHOT)

DEPENDENCIES:
  - Adapty (from `../../`)
  - AdaptyUI (from `../../`)

EXTERNAL SOURCES:
  Adapty:
    :path: "../../"
  AdaptyUI:
    :path: "../../"

SPEC CHECKSUMS:
  Adapty: 97f69d8332a16b2a204dfb7af6482837f9b23597
  AdaptyUI: 1daf31cea8186d305a795f9618926ef467abbb0e

PODFILE CHECKSUM: 96066f525b00e06d14d7c1c98f8d36526a8f851a

COCOAPODS: 1.16.2
