PODS:
  - Adapty (3.11.0-SNAPSHOT)
  - AdaptyUI (3.11.0-SNAPSHOT):
    - Adapty (= 3.11.0-SNAPSHOT)

DEPENDENCIES:
  - Adapty (from `../../`)
  - AdaptyUI (from `../../`)

EXTERNAL SOURCES:
  Adapty:
    :path: "../../"
  AdaptyUI:
    :path: "../../"

SPEC CHECKSUMS:
  Adapty: 8de4f4878d9cf1c100b04512b273c11092dada16
  AdaptyUI: 33826979a74229f30df4d07b30c3f3fdbbff6a6a

PODFILE CHECKSUM: 96066f525b00e06d14d7c1c98f8d36526a8f851a

COCOAPODS: 1.16.2
