PODS:
  - Adapty (3.4.2)
  - AdaptyUI (3.4.2):
    - Adapty (= 3.4.2)

DEPENDENCIES:
  - Adapty (from `../../`)
  - AdaptyUI (from `../../`)

EXTERNAL SOURCES:
  Adapty:
    :path: "../../"
  AdaptyUI:
    :path: "../../"

SPEC CHECKSUMS:
  Adapty: b76f43cf00844ee057c48327d0891f0ea0e9fdec
  AdaptyUI: 0a3c81424acc3de4c10a36c3e639f24791dea63f

PODFILE CHECKSUM: 235cfbef6b933d442daf00c8c0f0ceab2561282d

COCOAPODS: 1.16.2
