PODS:
  - Adapty (3.3.3)
  - AdaptyUI (3.3.3):
    - Adapty (= 3.3.3)

DEPENDENCIES:
  - Adapty (from `../../`)
  - AdaptyUI (from `../../`)

EXTERNAL SOURCES:
  Adapty:
    :path: "../../"
  AdaptyUI:
    :path: "../../"

SPEC CHECKSUMS:
  Adapty: 7fa5bca0e5e4dc33b381f1c7692a0a2eb4aed0af
  AdaptyUI: c079dd31660a68379205600bf32d971338c2966b

PODFILE CHECKSUM: 235cfbef6b933d442daf00c8c0f0ceab2561282d

COCOAPODS: 1.16.2
