PODS:
  - Adapty (3.3.2)
  - AdaptyUI (3.3.2):
    - Adapty (= 3.3.2)

DEPENDENCIES:
  - Adapty (from `../../`)
  - AdaptyUI (from `../../`)

EXTERNAL SOURCES:
  Adapty:
    :path: "../../"
  AdaptyUI:
    :path: "../../"

SPEC CHECKSUMS:
  Adapty: 48e152416362d581ded5aace24ae06fad5a9a41a
  AdaptyUI: 5374a6869b943460fcb4c0b762dafd9873c2573a

PODFILE CHECKSUM: 235cfbef6b933d442daf00c8c0f0ceab2561282d

COCOAPODS: 1.16.2
